{
  "version": 4,
  "terraform_version": "1.9.8",
  "serial": 72,
  "lineage": "af2119ff-a9f9-708f-f4c1-77c2a0e5fdc3",
  "outputs": {
    "cluster_endpoint": {
      "value": "https://BFCC86EDEEC35A24D7A611D64C581C03.yl4.ap-south-1.eks.amazonaws.com",
      "type": "string"
    },
    "db_instance_endpoint": {
      "value": "hp-udd-prod-db.cbm06cyisapf.ap-south-1.rds.amazonaws.com:5432",
      "type": "string"
    },
    "db_instance_name": {
      "value": "hp_udd_prod",
      "type": "string"
    },
    "db_instance_port": {
      "value": 5432,
      "type": "number"
    },
    "db_instance_username": {
      "value": "postgres",
      "type": "string",
      "sensitive": true
    },
    "es_data_volume_ids": {
      "value": [
        "vol-000a4d289c8d29d25",
        "vol-0be84bdc55714b994",
        "vol-0f5dbd36b473d6a6c"
      ],
      "type": [
        "tuple",
        [
          "string",
          "string",
          "string"
        ]
      ]
    },
    "es_master_volume_ids": {
      "value": [
        "vol-001c892474a1a90f5",
        "vol-0c7697f0e895e5719",
        "vol-0ef83e2857c0a6409"
      ],
      "type": [
        "tuple",
        [
          "string",
          "string",
          "string"
        ]
      ]
    },
    "kafka_vol_ids": {
      "value": [
        "vol-0583fe8fbf0e15807",
        "vol-0d18774736689665b",
        "vol-08ad6988ff20f5365"
      ],
      "type": [
        "tuple",
        [
          "string",
          "string",
          "string"
        ]
      ]
    },
    "kubectl_config": {
      "value": "apiVersion: v1\r\npreferences: {}\r\nkind: Config\r\n\r\nclusters:\r\n- cluster:\r\n    server: https://BFCC86EDEEC35A24D7A611D64C581C03.yl4.ap-south-1.eks.amazonaws.com\r\n    certificate-authority-data: LS0tLS1CRUdJTiBDRVJUSUZJQ0FURS0tLS0tCk1JSURCVENDQWUyZ0F3SUJBZ0lJTGxHRWg4NTBsS0l3RFFZSktvWklodmNOQVFFTEJRQXdGVEVUTUJFR0ExVUUKQXhNS2EzVmlaWEp1WlhSbGN6QWVGdzB5TkRFeE1UVXdORE01TkRWYUZ3MHpOREV4TVRNd05EUTBORFZhTUJVeApFekFSQmdOVkJBTVRDbXQxWW1WeWJtVjBaWE13Z2dFaU1BMEdDU3FHU0liM0RRRUJBUVVBQTRJQkR3QXdnZ0VLCkFvSUJBUURPeXhSOWVwaWpxR1QrM3FEWmJQRWZBeXk0WHExZVhEdWFwMXJ1Y2dQcU9QU1hBMlFIRXlYeEUvMjIKVVkvWDR5cjByN1JzWG0vVmR3TkFNcDNmclNlbzRaRHJjNGZLYUVmN2ZqZWphVG1VemN0V1Vwb2pkMDExcXBIaQpVc0ROTkg3VlpnbkZXdnh4QmEvcXdPSHQwRGpvd0VWd040Wk9iV0UyYmVNQmJTZ0JUaXhGeTdPQ09penFSczk1CmhsN1NaWkNKTWMzbWFnM0NRUk9iaGZYeFFGdUZvYm40VXN0bG01M0YxN3kzMFJqZE1kaGhQMno0clhUV0NiT0YKLzd5WFluUG94TEkwREhRVlgveU00ZzBYdlhsTTREV0ZWSmpwS2E4cUVVY0ppWU5pbjEvNHN3eUFCN1NsK0lMUwplN3RKTlpJV3I3MTdUVERYTVc5SVdOejhnNk9sQWdNQkFBR2pXVEJYTUE0R0ExVWREd0VCL3dRRUF3SUNwREFQCkJnTlZIUk1CQWY4RUJUQURBUUgvTUIwR0ExVWREZ1FXQkJSS3k3R2c4NDlvbHFUZjk2UlNrcVZGVU1EdEV6QVYKQmdOVkhSRUVEakFNZ2dwcmRXSmxjbTVsZEdWek1BMEdDU3FHU0liM0RRRUJDd1VBQTRJQkFRQXVjcE5NR3V4NwpUdTZqaC9UdkkzWTRhQ3ZKNTc5WjVIM2xUbWVSb05zRGRpQW9uZVF3WHJDZTZhZG5jYk50aTZiWDY1RXhMT2ZpCk96dUtGUHNKRjVYNmRlc1FoWm5SS3cydHBaQUNkb00yYmEyUEhiSmhpdTFkRGFydGU3Zzd3VWhVWXBRM3o3eVYKU2xUTmk4dFpLWHRjY3U1WUJyRDFibHNRMG9CdFQ1Zmx6ME9vZW5QeWs1T1RtTElWZjU1bzNxWEJEakgyc0FTWgorM2ZQZkZEalp4MldsRU12eFFObTFBdXNyL2l4U1Y4K3F4VEE5R2pleC9vaVozQ1RPZ08zckIraWhzbERsc0VtCmt0Z3plOXR2cG5DeGtVOFVMNDNFbllRanJzUTh5eTBqWmRRcHlWcFJ3UXRnUllaR0k1RnhvL01naFRsMm14UlkKSSt3V2lHRXVtQzV0Ci0tLS0tRU5EIENFUlRJRklDQVRFLS0tLS0K\r\n  name: eks_hp-udd-prod\r\n\r\ncontexts:\r\n- context:\r\n    cluster: eks_hp-udd-prod\r\n    user: eks_hp-udd-prod\r\n  name: eks_hp-udd-prod\r\n\r\ncurrent-context: eks_hp-udd-prod\r\n\r\nusers:\r\n- name: eks_hp-udd-prod\r\n  user:\r\n    exec:\r\n      apiVersion: client.authentication.k8s.io/v1alpha1\r\n      command: aws-iam-authenticator\r\n      args:\r\n        - \"token\"\r\n        - \"-i\"\r\n        - \"hp-udd-prod\"\r\n",
      "type": "string"
    },
    "private_subnets": {
      "value": [
        "subnet-06ab05fbfd378bbc0",
        "subnet-079384c6aa806aa50"
      ],
      "type": [
        "tuple",
        [
          "string",
          "string"
        ]
      ]
    },
    "public_subnets": {
      "value": [
        "subnet-02d9b873c4971a9cc",
        "subnet-0eb925d892e6fffc2"
      ],
      "type": [
        "tuple",
        [
          "string",
          "string"
        ]
      ]
    },
    "vpc_id": {
      "value": "vpc-01a46576852d5b10f",
      "type": "string"
    },
    "worker_security_group_id": {
      "value": "sg-081bcbf2ff0fb616c",
      "type": "string"
    },
    "zone": {
      "value": [
        "ap-south-1b"
      ],
      "type": [
        "tuple",
        [
          "string"
        ]
      ]
    },
    "zookeeper_volume_ids": {
      "value": [
        "vol-08cff239bf2cfc6f3",
        "vol-0048fb71301e64ab1",
        "vol-0b69b519f3594bc8e"
      ],
      "type": [
        "tuple",
        [
          "string",
          "string",
          "string"
        ]
      ]
    }
  },
  "resources": [
    {
      "mode": "data",
      "type": "aws_availability_zones",
      "name": "available",
      "provider": "provider[\"registry.terraform.io/hashicorp/aws\"]",
      "instances": [
        {
          "schema_version": 0,
          "attributes": {
            "all_availability_zones": null,
            "exclude_names": null,
            "exclude_zone_ids": null,
            "filter": null,
            "group_names": [
              "ap-south-1"
            ],
            "id": "ap-south-1",
            "names": [
              "ap-south-1a",
              "ap-south-1b",
              "ap-south-1c"
            ],
            "state": null,
            "timeouts": null,
            "zone_ids": [
              "aps1-az1",
              "aps1-az3",
              "aps1-az2"
            ]
          },
          "sensitive_attributes": []
        }
      ]
    },
    {
      "mode": "data",
      "type": "aws_caller_identity",
      "name": "current",
      "provider": "provider[\"registry.terraform.io/hashicorp/aws\"]",
      "instances": [
        {
          "schema_version": 0,
          "attributes": {
            "account_id": "339713165548",
            "arn": "arn:aws:iam::339713165548:user/HP_PROD",
            "id": "339713165548",
            "user_id": "AIDAU6GD3RDWFRUIUADF6"
          },
          "sensitive_attributes": []
        }
      ]
    },
    {
      "mode": "data",
      "type": "aws_eks_cluster",
      "name": "cluster",
      "provider": "provider[\"registry.terraform.io/hashicorp/aws\"]",
      "instances": [
        {
          "schema_version": 0,
          "attributes": {
            "access_config": [
              {
                "authentication_mode": "CONFIG_MAP",
                "bootstrap_cluster_creator_admin_permissions": true
              }
            ],
            "arn": "arn:aws:eks:ap-south-1:339713165548:cluster/hp-udd-prod",
            "certificate_authority": [
              {
                "data": "LS0tLS1CRUdJTiBDRVJUSUZJQ0FURS0tLS0tCk1JSURCVENDQWUyZ0F3SUJBZ0lJTGxHRWg4NTBsS0l3RFFZSktvWklodmNOQVFFTEJRQXdGVEVUTUJFR0ExVUUKQXhNS2EzVmlaWEp1WlhSbGN6QWVGdzB5TkRFeE1UVXdORE01TkRWYUZ3MHpOREV4TVRNd05EUTBORFZhTUJVeApFekFSQmdOVkJBTVRDbXQxWW1WeWJtVjBaWE13Z2dFaU1BMEdDU3FHU0liM0RRRUJBUVVBQTRJQkR3QXdnZ0VLCkFvSUJBUURPeXhSOWVwaWpxR1QrM3FEWmJQRWZBeXk0WHExZVhEdWFwMXJ1Y2dQcU9QU1hBMlFIRXlYeEUvMjIKVVkvWDR5cjByN1JzWG0vVmR3TkFNcDNmclNlbzRaRHJjNGZLYUVmN2ZqZWphVG1VemN0V1Vwb2pkMDExcXBIaQpVc0ROTkg3VlpnbkZXdnh4QmEvcXdPSHQwRGpvd0VWd040Wk9iV0UyYmVNQmJTZ0JUaXhGeTdPQ09penFSczk1CmhsN1NaWkNKTWMzbWFnM0NRUk9iaGZYeFFGdUZvYm40VXN0bG01M0YxN3kzMFJqZE1kaGhQMno0clhUV0NiT0YKLzd5WFluUG94TEkwREhRVlgveU00ZzBYdlhsTTREV0ZWSmpwS2E4cUVVY0ppWU5pbjEvNHN3eUFCN1NsK0lMUwplN3RKTlpJV3I3MTdUVERYTVc5SVdOejhnNk9sQWdNQkFBR2pXVEJYTUE0R0ExVWREd0VCL3dRRUF3SUNwREFQCkJnTlZIUk1CQWY4RUJUQURBUUgvTUIwR0ExVWREZ1FXQkJSS3k3R2c4NDlvbHFUZjk2UlNrcVZGVU1EdEV6QVYKQmdOVkhSRUVEakFNZ2dwcmRXSmxjbTVsZEdWek1BMEdDU3FHU0liM0RRRUJDd1VBQTRJQkFRQXVjcE5NR3V4NwpUdTZqaC9UdkkzWTRhQ3ZKNTc5WjVIM2xUbWVSb05zRGRpQW9uZVF3WHJDZTZhZG5jYk50aTZiWDY1RXhMT2ZpCk96dUtGUHNKRjVYNmRlc1FoWm5SS3cydHBaQUNkb00yYmEyUEhiSmhpdTFkRGFydGU3Zzd3VWhVWXBRM3o3eVYKU2xUTmk4dFpLWHRjY3U1WUJyRDFibHNRMG9CdFQ1Zmx6ME9vZW5QeWs1T1RtTElWZjU1bzNxWEJEakgyc0FTWgorM2ZQZkZEalp4MldsRU12eFFObTFBdXNyL2l4U1Y4K3F4VEE5R2pleC9vaVozQ1RPZ08zckIraWhzbERsc0VtCmt0Z3plOXR2cG5DeGtVOFVMNDNFbllRanJzUTh5eTBqWmRRcHlWcFJ3UXRnUllaR0k1RnhvL01naFRsMm14UlkKSSt3V2lHRXVtQzV0Ci0tLS0tRU5EIENFUlRJRklDQVRFLS0tLS0K"
              }
            ],
            "cluster_id": null,
            "created_at": "2024-11-15T04:40:43Z",
            "enabled_cluster_log_types": [],
            "endpoint": "https://BFCC86EDEEC35A24D7A611D64C581C03.yl4.ap-south-1.eks.amazonaws.com",
            "id": "hp-udd-prod",
            "identity": [
              {
                "oidc": [
                  {
                    "issuer": "https://oidc.eks.ap-south-1.amazonaws.com/id/BFCC86EDEEC35A24D7A611D64C581C03"
                  }
                ]
              }
            ],
            "kubernetes_network_config": [
              {
                "ip_family": "ipv4",
                "service_ipv4_cidr": "10.100.0.0/16",
                "service_ipv6_cidr": ""
              }
            ],
            "name": "hp-udd-prod",
            "outpost_config": [],
            "platform_version": "eks.12",
            "role_arn": "arn:aws:iam::339713165548:role/hp-udd-prod20241115043118557000000004",
            "status": "ACTIVE",
            "tags": {
              "KubernetesCluster": "hp-udd-prod",
              "kubernetes.io/cluster/hp-udd-prod": "owned"
            },
            "upgrade_policy": [
              {
                "support_type": "EXTENDED"
              }
            ],
            "version": "1.31",
            "vpc_config": [
              {
                "cluster_security_group_id": "sg-0732efc290e8bbcdf",
                "endpoint_private_access": false,
                "endpoint_public_access": true,
                "public_access_cidrs": [
                  "0.0.0.0/0"
                ],
                "security_group_ids": [
                  "sg-093323a1da47049f1"
                ],
                "subnet_ids": [
                  "subnet-02d9b873c4971a9cc",
                  "subnet-06ab05fbfd378bbc0",
                  "subnet-079384c6aa806aa50",
                  "subnet-0eb925d892e6fffc2"
                ],
                "vpc_id": "vpc-01a46576852d5b10f"
              }
            ],
            "zonal_shift_config": []
          },
          "sensitive_attributes": []
        }
      ]
    },
    {
      "mode": "data",
      "type": "aws_eks_cluster_auth",
      "name": "cluster",
      "provider": "provider[\"registry.terraform.io/hashicorp/aws\"]",
      "instances": [
        {
          "schema_version": 0,
          "attributes": {
            "id": "hp-udd-prod",
            "name": "hp-udd-prod",
            "token": "k8s-aws-v1.aHR0cHM6Ly9zdHMuYXAtc291dGgtMS5hbWF6b25hd3MuY29tLz9BY3Rpb249R2V0Q2FsbGVySWRlbnRpdHkmVmVyc2lvbj0yMDExLTA2LTE1JlgtQW16LUFsZ29yaXRobT1BV1M0LUhNQUMtU0hBMjU2JlgtQW16LUNyZWRlbnRpYWw9QUtJQVU2R0QzUkRXTTVWV05SSUklMkYyMDI0MTExNSUyRmFwLXNvdXRoLTElMkZzdHMlMkZhd3M0X3JlcXVlc3QmWC1BbXotRGF0ZT0yMDI0MTExNVQwNDQ4MDZaJlgtQW16LUV4cGlyZXM9MCZYLUFtei1TaWduZWRIZWFkZXJzPWhvc3QlM0J4LWs4cy1hd3MtaWQmWC1BbXotU2lnbmF0dXJlPWEzODhjMGEyZDE3MGU1ZTU4YmNlMWY1YmY1YTdhNThiZGI1YzMyODNhMTY1ZmY4OTM0MWQzMzVlMDNhZjMwNWI"
          },
          "sensitive_attributes": [
            [
              {
                "type": "get_attr",
                "value": "token"
              }
            ]
          ]
        }
      ]
    },
    {
      "mode": "data",
      "type": "aws_region",
      "name": "current",
      "provider": "provider[\"registry.terraform.io/hashicorp/aws\"]",
      "instances": [
        {
          "schema_version": 0,
          "attributes": {
            "description": "Asia Pacific (Mumbai)",
            "endpoint": "ec2.ap-south-1.amazonaws.com",
            "id": "ap-south-1",
            "name": "ap-south-1"
          },
          "sensitive_attributes": []
        }
      ]
    },
    {
      "mode": "data",
      "type": "tls_certificate",
      "name": "thumb",
      "provider": "provider[\"registry.terraform.io/hashicorp/tls\"]",
      "instances": [
        {
          "schema_version": 0,
          "attributes": {
            "certificates": [
              {
                "cert_pem": "-----BEGIN CERTIFICATE-----\nMIIEdTCCA12gAwIBAgIJAKcOSkw0grd/MA0GCSqGSIb3DQEBCwUAMGgxCzAJBgNV\nBAYTAlVTMSUwIwYDVQQKExxTdGFyZmllbGQgVGVjaG5vbG9naWVzLCBJbmMuMTIw\nMAYDVQQLEylTdGFyZmllbGQgQ2xhc3MgMiBDZXJ0aWZpY2F0aW9uIEF1dGhvcml0\neTAeFw0wOTA5MDIwMDAwMDBaFw0zNDA2MjgxNzM5MTZaMIGYMQswCQYDVQQGEwJV\nUzEQMA4GA1UECBMHQXJpem9uYTETMBEGA1UEBxMKU2NvdHRzZGFsZTElMCMGA1UE\nChMcU3RhcmZpZWxkIFRlY2hub2xvZ2llcywgSW5jLjE7MDkGA1UEAxMyU3RhcmZp\nZWxkIFNlcnZpY2VzIFJvb3QgQ2VydGlmaWNhdGUgQXV0aG9yaXR5IC0gRzIwggEi\nMA0GCSqGSIb3DQEBAQUAA4IBDwAwggEKAoIBAQDVDDrEKvlO4vW+GZdfjohTsR8/\ny8+fIBNtKTrID30892t2OGPZNmCom15cAICyL1l/9of5JUOG52kbUpqQ4XHj2C0N\nTm/2yEnZtvMaVq4rtnQU68/7JuMauh2WLmo7WJSJR1b/JaCTcFOD2oR0FMNnngRo\nOt+OQFodSk7PQ5E751bWAHDLUu57fa4657wx+UX2wmDPE1kCK4DMNEffud6QZW0C\nzyyRpqbn3oUYSXxmTqM6bam17jQuug0DuDPfR+uxa40l2ZvOgdFFRjKWcIfeAg5J\nQ4W2bHO7ZOphQazJ1FTfhy/HIrImzJ9ZVGif/L4qL8RVHHVAYBeFAlU5i38FAgMB\nAAGjgfAwge0wDwYDVR0TAQH/BAUwAwEB/zAOBgNVHQ8BAf8EBAMCAYYwHQYDVR0O\nBBYEFJxfAN+qAdcwKziIorhtSpzyEZGDMB8GA1UdIwQYMBaAFL9ft9HO3R+G9FtV\nrNzXEMIOqYjnME8GCCsGAQUFBwEBBEMwQTAcBggrBgEFBQcwAYYQaHR0cDovL28u\nc3MyLnVzLzAhBggrBgEFBQcwAoYVaHR0cDovL3guc3MyLnVzL3guY2VyMCYGA1Ud\nHwQfMB0wG6AZoBeGFWh0dHA6Ly9zLnNzMi51cy9yLmNybDARBgNVHSAECjAIMAYG\nBFUdIAAwDQYJKoZIhvcNAQELBQADggEBACMd44pXyn3pF3lM8R5V/cxTbj5HD9/G\nVfKyBDbtgB9TxF00KGu+x1X8Z+rLP3+QsjPNG1gQggL4+C/1E2DUBc7xgQjB3ad1\nl08YuW3e95ORCLp+QCztweq7dp4zBncdDQh/U90bZKuCJ/Fp1U1ervShw3WnWEQt\n8jxwmKy6abaVd38PMV4s/KCHOkdp8Hlf9BRUpJVeEXgSYCfOn8J3/yNTd126/+pZ\n59vPr5KW7ySaNRB6nJHGDn2Z9j8Z3/VyVOEVqQdZe4O/Ui5GjLIAZHYcSNPYeehu\nVsyuLAOQ1xk4meTKCRlb/weWsKh/NEnfVqn3sF/tM+2MR7cwA130A4w=\n-----END CERTIFICATE-----\n",
                "is_ca": true,
                "issuer": "OU=Starfield Class 2 Certification Authority,O=Starfield Technologies\\, Inc.,C=US",
                "not_after": "2034-06-28T17:39:16Z",
                "not_before": "2009-09-02T00:00:00Z",
                "public_key_algorithm": "RSA",
                "serial_number": "12037640545166866303",
                "sha1_fingerprint": "9e99a48a9960b14926bb7f3b02e22da2b0ab7280",
                "signature_algorithm": "SHA256-RSA",
                "subject": "CN=Starfield Services Root Certificate Authority - G2,O=Starfield Technologies\\, Inc.,L=Scottsdale,ST=Arizona,C=US",
                "version": 3
              },
              {
                "cert_pem": "-----BEGIN CERTIFICATE-----\nMIIEkjCCA3qgAwIBAgITBn+USionzfP6wq4rAfkI7rnExjANBgkqhkiG9w0BAQsF\nADCBmDELMAkGA1UEBhMCVVMxEDAOBgNVBAgTB0FyaXpvbmExEzARBgNVBAcTClNj\nb3R0c2RhbGUxJTAjBgNVBAoTHFN0YXJmaWVsZCBUZWNobm9sb2dpZXMsIEluYy4x\nOzA5BgNVBAMTMlN0YXJmaWVsZCBTZXJ2aWNlcyBSb290IENlcnRpZmljYXRlIEF1\ndGhvcml0eSAtIEcyMB4XDTE1MDUyNTEyMDAwMFoXDTM3MTIzMTAxMDAwMFowOTEL\nMAkGA1UEBhMCVVMxDzANBgNVBAoTBkFtYXpvbjEZMBcGA1UEAxMQQW1hem9uIFJv\nb3QgQ0EgMTCCASIwDQYJKoZIhvcNAQEBBQADggEPADCCAQoCggEBALJ4gHHKeNXj\nca9HgFB0fW7Y14h29Jlo91ghYPl0hAEvrAIthtOgQ3pOsqTQNroBvo3bSMgHFzZM\n9O6II8c+6zf1tRn4SWiw3te5djgdYZ6k/oI2peVKVuRF4fn9tBb6dNqcmzU5L/qw\nIFAGbHrQgLKm+a/sRxmPUDgH3KKHOVj4utWp+UhnMJbulHheb4mjUcAwhmahRWa6\nVOujw5H5SNz/0egwLX0tdHA114gk957EWW67c4cX8jJGKLhD+rcdqsq08p8kDi1L\n93FcXmn/6pUCyziKrlA4b9v7LWIbxcceVOF34GfID5yHI9Y/QCB/IIDEgEw+OyQm\njgSubJrIqg0CAwEAAaOCATEwggEtMA8GA1UdEwEB/wQFMAMBAf8wDgYDVR0PAQH/\nBAQDAgGGMB0GA1UdDgQWBBSEGMyFNOy8DJSULghZnMeyEE4KCDAfBgNVHSMEGDAW\ngBScXwDfqgHXMCs4iKK4bUqc8hGRgzB4BggrBgEFBQcBAQRsMGowLgYIKwYBBQUH\nMAGGImh0dHA6Ly9vY3NwLnJvb3RnMi5hbWF6b250cnVzdC5jb20wOAYIKwYBBQUH\nMAKGLGh0dHA6Ly9jcnQucm9vdGcyLmFtYXpvbnRydXN0LmNvbS9yb290ZzIuY2Vy\nMD0GA1UdHwQ2MDQwMqAwoC6GLGh0dHA6Ly9jcmwucm9vdGcyLmFtYXpvbnRydXN0\nLmNvbS9yb290ZzIuY3JsMBEGA1UdIAQKMAgwBgYEVR0gADANBgkqhkiG9w0BAQsF\nAAOCAQEAYjdCXLwQtT6LLOkMm2xF4gcAevnFWAu5CIw+7bMlPLVvUOTNNWqnkzSW\nMiGpSESrnO09tKpzbeR/FoCJbM8oAxiDR3mjEH4wW6w7sGDgd9QIpuEdfF7Au/ma\neyKdpwAJfqxGF4PcnCZXmTA5YpaP7dreqsXMGz7KQ2hsVxa81Q4gLv7/wmpdLqBK\nbRRYh5TmOTFffHPLkIhqhBGWJ6bt2YFGpn6jcgAKUj6DiAdjd4lpFw85hdKrCEVN\n0FE6/V1dN2RMfjCyVSRCnTawXZwXgWHxyvkQAiSr6w10kY17RSlQOYiypok1JR4U\nakcjMS9cmvqtmg5iUaQqqcT5NJ0hGA==\n-----END CERTIFICATE-----\n",
                "is_ca": true,
                "issuer": "CN=Starfield Services Root Certificate Authority - G2,O=Starfield Technologies\\, Inc.,L=Scottsdale,ST=Arizona,C=US",
                "not_after": "2037-12-31T01:00:00Z",
                "not_before": "2015-05-25T12:00:00Z",
                "public_key_algorithm": "RSA",
                "serial_number": "144918191876577076464031512351042010504348870",
                "sha1_fingerprint": "06b25927c42a721631c1efd9431e648fa62e1e39",
                "signature_algorithm": "SHA256-RSA",
                "subject": "CN=Amazon Root CA 1,O=Amazon,C=US",
                "version": 3
              },
              {
                "cert_pem": "-----BEGIN CERTIFICATE-----\nMIIEXjCCA0agAwIBAgITB3MSTNQG0mfAmRzdKZqfODF5hTANBgkqhkiG9w0BAQsF\nADA5MQswCQYDVQQGEwJVUzEPMA0GA1UEChMGQW1hem9uMRkwFwYDVQQDExBBbWF6\nb24gUm9vdCBDQSAxMB4XDTIyMDgyMzIyMjYwNFoXDTMwMDgyMzIyMjYwNFowPDEL\nMAkGA1UEBhMCVVMxDzANBgNVBAoTBkFtYXpvbjEcMBoGA1UEAxMTQW1hem9uIFJT\nQSAyMDQ4IE0wMzCCASIwDQYJKoZIhvcNAQEBBQADggEPADCCAQoCggEBALd/pVko\n8vuM475Tf45HV3BbCl/B9Jy89G1CRkFjcPY06WA9lS+7dWbUA7GtWUKoksr69hKM\nwcMsNpxlw7b3jeXFgxB09/nmalcAWtnLzF+LaDKEA5DQmvKzuh1nfIfqEiKCQSmX\nXh09Xs+dO7cm5qbaL2hhNJCSAejciwcvOFgFNgEMR42wm6KIFHsQW28jhA+1u/M0\np6fVwReuEgZfLfdx82Px0LJck3lST3EB/JfbdsdOzzzg5YkY1dfuqf8y5fUeZ7Cz\nWXbTjujwX/TovmeWKA36VLCz75azW6tDNuDn66FOpADZZ9omVaF6BqNJiLMVl6P3\n/c0OiUMC6Z5OfKcCAwEAAaOCAVowggFWMBIGA1UdEwEB/wQIMAYBAf8CAQAwDgYD\nVR0PAQH/BAQDAgGGMB0GA1UdJQQWMBQGCCsGAQUFBwMBBggrBgEFBQcDAjAdBgNV\nHQ4EFgQUVdkYX9IczAHhWLS+q9lVQgHXLgIwHwYDVR0jBBgwFoAUhBjMhTTsvAyU\nlC4IWZzHshBOCggwewYIKwYBBQUHAQEEbzBtMC8GCCsGAQUFBzABhiNodHRwOi8v\nb2NzcC5yb290Y2ExLmFtYXpvbnRydXN0LmNvbTA6BggrBgEFBQcwAoYuaHR0cDov\nL2NydC5yb290Y2ExLmFtYXpvbnRydXN0LmNvbS9yb290Y2ExLmNlcjA/BgNVHR8E\nODA2MDSgMqAwhi5odHRwOi8vY3JsLnJvb3RjYTEuYW1hem9udHJ1c3QuY29tL3Jv\nb3RjYTEuY3JsMBMGA1UdIAQMMAowCAYGZ4EMAQIBMA0GCSqGSIb3DQEBCwUAA4IB\nAQAGjeWm2cC+3z2MzSCnte46/7JZvj3iQZDY7EvODNdZF41n71Lrk9kbfNwerK0d\nVNzW36Wefr7j7ZSwBVg50W5ay65jNSN74TTQV1yt4WnSbVvN6KlMs1hiyOZdoHKs\nKDV2UGNxbdoBYCQNa2GYF8FQIWLugNp35aSOpMy6cFlymFQomIrnOQHwK1nvVY4q\nxDSJMU/gNJz17D8ArPN3ngnyZ2TwepJ0uBINz3G5te2rdFUF4i4Y3Bb7FUlHDYm4\nu8aIRGpk2ZpfXmxaoxnbIBZRvGLPSUuPwnwoUOMsJ8jirI5vs2dvchPb7MtI1rle\ni02f2ivH2vxkjDLltSpe2fiC\n-----END CERTIFICATE-----\n",
                "is_ca": true,
                "issuer": "CN=Amazon Root CA 1,O=Amazon,C=US",
                "not_after": "2030-08-23T22:26:04Z",
                "not_before": "2022-08-23T22:26:04Z",
                "public_key_algorithm": "RSA",
                "serial_number": "166129356476704345391986644047206454194698629",
                "sha1_fingerprint": "d9fe0a65fa00cabf61f5120d373a8135e1461f15",
                "signature_algorithm": "SHA256-RSA",
                "subject": "CN=Amazon RSA 2048 M03,O=Amazon,C=US",
                "version": 3
              },
              {
                "cert_pem": "-----BEGIN CERTIFICATE-----\nMIIF5jCCBM6gAwIBAgIQAXLcQBe7tPBc6GuB+yBBqzANBgkqhkiG9w0BAQsFADA8\nMQswCQYDVQQGEwJVUzEPMA0GA1UEChMGQW1hem9uMRwwGgYDVQQDExNBbWF6b24g\nUlNBIDIwNDggTTAzMB4XDTI0MDMyNzAwMDAwMFoXDTI1MDQyNTIzNTk1OVowKTEn\nMCUGA1UEAwweKi5la3MuYXAtc291dGgtMS5hbWF6b25hd3MuY29tMIIBIjANBgkq\nhkiG9w0BAQEFAAOCAQ8AMIIBCgKCAQEAtGQywB9i0CSmjSAwUSmErAt9ATOS/ne5\nFFsUrjS4vuBLXT3S/X97lDKm2spvdAJsXMDyWq5R60Va0X/Zr4td/oSl3cNy2CFp\nDQw2kG0RMugBMNVaR/2B6RH+kIErxlYyBNMuBA62SEqk5kGemmXBTznU5NsynXss\nN1Lmdbi92EszLsGw2HLlEwZt0DwcRRkrg0ZMo+cQhx1C4b/YFXCAaPLe9gEQDSYA\n3lgTRhUfQS7xWh4LaSxU7PG8C+/cXJ8BYdWOF6TsdBKDXhTccvd7QReSpF5tDiCF\nT6B8L4y5wKX2VMKqENSrwn3hAporXi6J4laE6Tx1Y/A2DN87FHukNwIDAQABo4IC\n9TCCAvEwHwYDVR0jBBgwFoAUVdkYX9IczAHhWLS+q9lVQgHXLgIwHQYDVR0OBBYE\nFCA2a4roh/mOKjmoAhAJrTURFH2HMCkGA1UdEQQiMCCCHiouZWtzLmFwLXNvdXRo\nLTEuYW1hem9uYXdzLmNvbTATBgNVHSAEDDAKMAgGBmeBDAECATAOBgNVHQ8BAf8E\nBAMCBaAwHQYDVR0lBBYwFAYIKwYBBQUHAwEGCCsGAQUFBwMCMDsGA1UdHwQ0MDIw\nMKAuoCyGKmh0dHA6Ly9jcmwucjJtMDMuYW1hem9udHJ1c3QuY29tL3IybTAzLmNy\nbDB1BggrBgEFBQcBAQRpMGcwLQYIKwYBBQUHMAGGIWh0dHA6Ly9vY3NwLnIybTAz\nLmFtYXpvbnRydXN0LmNvbTA2BggrBgEFBQcwAoYqaHR0cDovL2NydC5yMm0wMy5h\nbWF6b250cnVzdC5jb20vcjJtMDMuY2VyMAwGA1UdEwEB/wQCMAAwggF8BgorBgEE\nAdZ5AgQCBIIBbASCAWgBZgB2AM8RVu7VLnyv84db2Wkum+kacWdKsBfsrAHSW3fO\nzDsIAAABjoEqaRgAAAQDAEcwRQIgafsuKU5xj/dXLQ3SPdWzndJwLyEfm+JryIYe\nPWZJKLMCIQCNfmISGAa5KgyKPZ8xG6e3jLbHiwMd3UfNw2/f0fA+agB1AH1ZHhLh\neCp7HGFnfF79+NCHXBSgTpWeuQMv2Q6MLnm4AAABjoEqaHUAAAQDAEYwRAIgAgNI\nq6UYuEQejzm3s9LMJm4+ntuC4SHzW+cXtbBGJ/MCIC14jKeXKIEc1xRsYA3az65F\niAXRScw6ZRufvETqJO1/AHUA5tIxY0B3jMEQQQbXcbnOwdJA9paEhvu6hzId/R43\njlAAAAGOgSpoiQAABAMARjBEAiANbZ6RIkz/AOtZdJnPuPMlA0zjJIB2UxkJkN69\ntCtQEQIgRHt4maRYhich1qGcBcGDgL2QeUehPp6yWnpgPItV33IwDQYJKoZIhvcN\nAQELBQADggEBAFHCpoKhkGL7unnDkg6JykJauAU+DW1sN/8xuwfAiBzL07ZOb3ao\nc34h51Wr+LIsBiXq9kEy0iduzS8F72SbfDXrz0dpESoe6faNZ9UEfNvqkLRmHDcU\nea3M+4v+tacD/uqEvtJI0aEcLP1yKencXCwBOqy8O7lLEJUhYc8yVAJChmoJAowy\nOwS9PjMdXb2UAMl4aJt7oF+nvzdjBtQ7uNctV2rsMZ1HZQSdgMMhqJNWXufVPmRm\nuPnGTtYK8Y0MsCJqEvmi9jE8m30oRhugZ/9ckJo7CnO43VJcE4IT+/AObav3iNfU\nlS1MThMhwV4UxcawWxE68Y3QZhhym4+HwQw=\n-----END CERTIFICATE-----\n",
                "is_ca": false,
                "issuer": "CN=Amazon RSA 2048 M03,O=Amazon,C=US",
                "not_after": "2025-04-25T23:59:59Z",
                "not_before": "2024-03-27T00:00:00Z",
                "public_key_algorithm": "RSA",
                "serial_number": "1925617045718169317006243538772443563",
                "sha1_fingerprint": "66c52a14da1484b5a2aec2e90e2ee44fb3030459",
                "signature_algorithm": "SHA256-RSA",
                "subject": "CN=*.eks.ap-south-1.amazonaws.com",
                "version": 3
              }
            ],
            "content": null,
            "id": "8620fd676f1f5fb482fb77207743ac75042750fa",
            "url": "https://oidc.eks.ap-south-1.amazonaws.com/id/BFCC86EDEEC35A24D7A611D64C581C03",
            "verify_chain": true
          },
          "sensitive_attributes": []
        }
      ]
    },
    {
      "mode": "managed",
      "type": "aws_eks_addon",
      "name": "aws_ebs_csi_driver",
      "provider": "provider[\"registry.terraform.io/hashicorp/aws\"]",
      "instances": [
        {
          "schema_version": 0,
          "attributes": {
            "addon_name": "aws-ebs-csi-driver",
            "addon_version": "v1.36.0-eksbuild.1",
            "arn": "arn:aws:eks:ap-south-1:339713165548:addon/hp-udd-prod/aws-ebs-csi-driver/70c99713-2fa4-3968-6a79-eea997985c6d",
            "cluster_name": "hp-udd-prod",
            "configuration_values": "",
            "created_at": "2024-11-15T04:48:07Z",
            "id": "hp-udd-prod:aws-ebs-csi-driver",
            "modified_at": "2024-11-15T05:03:16Z",
            "pod_identity_association": [],
            "preserve": null,
            "resolve_conflicts": null,
            "resolve_conflicts_on_create": "OVERWRITE",
            "resolve_conflicts_on_update": null,
            "service_account_role_arn": "",
            "tags": null,
            "tags_all": {},
            "timeouts": null
          },
          "sensitive_attributes": [],
          "private": "eyJlMmJmYjczMC1lY2FhLTExZTYtOGY4OC0zNDM2M2JjN2M0YzAiOnsiY3JlYXRlIjoxMjAwMDAwMDAwMDAwLCJkZWxldGUiOjI0MDAwMDAwMDAwMDAsInVwZGF0ZSI6MTIwMDAwMDAwMDAwMH19",
          "dependencies": [
            "data.aws_eks_cluster.cluster",
            "module.eks.aws_cloudwatch_log_group.this",
            "module.eks.aws_eks_cluster.this",
            "module.eks.aws_iam_role.cluster",
            "module.eks.aws_iam_role_policy_attachment.cluster_AmazonEKSClusterPolicy",
            "module.eks.aws_iam_role_policy_attachment.cluster_AmazonEKSServicePolicy",
            "module.eks.aws_iam_role_policy_attachment.cluster_AmazonEKSVPCResourceControllerPolicy",
            "module.eks.aws_security_group.cluster",
            "module.eks.aws_security_group.workers",
            "module.eks.aws_security_group_rule.cluster_egress_internet",
            "module.eks.aws_security_group_rule.cluster_https_worker_ingress",
            "module.eks.aws_security_group_rule.cluster_private_access_cidrs_source",
            "module.eks.aws_security_group_rule.cluster_private_access_sg_source",
            "module.eks.data.aws_iam_policy_document.cluster_assume_role_policy",
            "module.eks.data.aws_iam_role.custom_cluster_iam_role",
            "module.eks.data.aws_partition.current",
            "module.eks.data.http.wait_for_cluster",
            "module.network.aws_subnet.private_subnet",
            "module.network.aws_subnet.public_subnet",
            "module.network.aws_vpc.vpc"
          ]
        }
      ]
    },
    {
      "mode": "managed",
      "type": "aws_eks_addon",
      "name": "core_dns",
      "provider": "provider[\"registry.terraform.io/hashicorp/aws\"]",
      "instances": [
        {
          "schema_version": 0,
          "attributes": {
            "addon_name": "coredns",
            "addon_version": "v1.11.3-eksbuild.1",
            "arn": "arn:aws:eks:ap-south-1:339713165548:addon/hp-udd-prod/coredns/32c99713-2fa7-3316-f011-bdc807622a24",
            "cluster_name": "hp-udd-prod",
            "configuration_values": "",
            "created_at": "2024-11-15T04:48:07Z",
            "id": "hp-udd-prod:coredns",
            "modified_at": "2024-11-15T05:03:15Z",
            "pod_identity_association": [],
            "preserve": null,
            "resolve_conflicts": null,
            "resolve_conflicts_on_create": "OVERWRITE",
            "resolve_conflicts_on_update": null,
            "service_account_role_arn": "",
            "tags": null,
            "tags_all": {},
            "timeouts": null
          },
          "sensitive_attributes": [],
          "private": "eyJlMmJmYjczMC1lY2FhLTExZTYtOGY4OC0zNDM2M2JjN2M0YzAiOnsiY3JlYXRlIjoxMjAwMDAwMDAwMDAwLCJkZWxldGUiOjI0MDAwMDAwMDAwMDAsInVwZGF0ZSI6MTIwMDAwMDAwMDAwMH19",
          "dependencies": [
            "data.aws_eks_cluster.cluster",
            "module.eks.aws_cloudwatch_log_group.this",
            "module.eks.aws_eks_cluster.this",
            "module.eks.aws_iam_role.cluster",
            "module.eks.aws_iam_role_policy_attachment.cluster_AmazonEKSClusterPolicy",
            "module.eks.aws_iam_role_policy_attachment.cluster_AmazonEKSServicePolicy",
            "module.eks.aws_iam_role_policy_attachment.cluster_AmazonEKSVPCResourceControllerPolicy",
            "module.eks.aws_security_group.cluster",
            "module.eks.aws_security_group.workers",
            "module.eks.aws_security_group_rule.cluster_egress_internet",
            "module.eks.aws_security_group_rule.cluster_https_worker_ingress",
            "module.eks.aws_security_group_rule.cluster_private_access_cidrs_source",
            "module.eks.aws_security_group_rule.cluster_private_access_sg_source",
            "module.eks.data.aws_iam_policy_document.cluster_assume_role_policy",
            "module.eks.data.aws_iam_role.custom_cluster_iam_role",
            "module.eks.data.aws_partition.current",
            "module.eks.data.http.wait_for_cluster",
            "module.network.aws_subnet.private_subnet",
            "module.network.aws_subnet.public_subnet",
            "module.network.aws_vpc.vpc"
          ]
        }
      ]
    },
    {
      "mode": "managed",
      "type": "aws_eks_addon",
      "name": "kube_proxy",
      "provider": "provider[\"registry.terraform.io/hashicorp/aws\"]",
      "instances": [
        {
          "schema_version": 0,
          "attributes": {
            "addon_name": "kube-proxy",
            "addon_version": "v1.31.0-eksbuild.2",
            "arn": "arn:aws:eks:ap-south-1:339713165548:addon/hp-udd-prod/kube-proxy/d4c99713-2faf-c464-8bcc-a3e2376fa309",
            "cluster_name": "hp-udd-prod",
            "configuration_values": "",
            "created_at": "2024-11-15T04:48:07Z",
            "id": "hp-udd-prod:kube-proxy",
            "modified_at": "2024-11-15T04:48:14Z",
            "pod_identity_association": [],
            "preserve": null,
            "resolve_conflicts": null,
            "resolve_conflicts_on_create": "OVERWRITE",
            "resolve_conflicts_on_update": null,
            "service_account_role_arn": "",
            "tags": null,
            "tags_all": {},
            "timeouts": null
          },
          "sensitive_attributes": [],
          "private": "eyJlMmJmYjczMC1lY2FhLTExZTYtOGY4OC0zNDM2M2JjN2M0YzAiOnsiY3JlYXRlIjoxMjAwMDAwMDAwMDAwLCJkZWxldGUiOjI0MDAwMDAwMDAwMDAsInVwZGF0ZSI6MTIwMDAwMDAwMDAwMH19",
          "dependencies": [
            "data.aws_eks_cluster.cluster",
            "module.eks.aws_cloudwatch_log_group.this",
            "module.eks.aws_eks_cluster.this",
            "module.eks.aws_iam_role.cluster",
            "module.eks.aws_iam_role_policy_attachment.cluster_AmazonEKSClusterPolicy",
            "module.eks.aws_iam_role_policy_attachment.cluster_AmazonEKSServicePolicy",
            "module.eks.aws_iam_role_policy_attachment.cluster_AmazonEKSVPCResourceControllerPolicy",
            "module.eks.aws_security_group.cluster",
            "module.eks.aws_security_group.workers",
            "module.eks.aws_security_group_rule.cluster_egress_internet",
            "module.eks.aws_security_group_rule.cluster_https_worker_ingress",
            "module.eks.aws_security_group_rule.cluster_private_access_cidrs_source",
            "module.eks.aws_security_group_rule.cluster_private_access_sg_source",
            "module.eks.data.aws_iam_policy_document.cluster_assume_role_policy",
            "module.eks.data.aws_iam_role.custom_cluster_iam_role",
            "module.eks.data.aws_partition.current",
            "module.eks.data.http.wait_for_cluster",
            "module.network.aws_subnet.private_subnet",
            "module.network.aws_subnet.public_subnet",
            "module.network.aws_vpc.vpc"
          ]
        }
      ]
    },
    {
      "mode": "managed",
      "type": "aws_iam_openid_connect_provider",
      "name": "eks_oidc_provider",
      "provider": "provider[\"registry.terraform.io/hashicorp/aws\"]",
      "instances": [
        {
          "schema_version": 0,
          "attributes": {
            "arn": "arn:aws:iam::339713165548:oidc-provider/oidc.eks.ap-south-1.amazonaws.com/id/BFCC86EDEEC35A24D7A611D64C581C03",
            "client_id_list": [
              "sts.amazonaws.com"
            ],
            "id": "arn:aws:iam::339713165548:oidc-provider/oidc.eks.ap-south-1.amazonaws.com/id/BFCC86EDEEC35A24D7A611D64C581C03",
            "tags": null,
            "tags_all": {},
            "thumbprint_list": [
              "9e99a48a9960b14926bb7f3b02e22da2b0ab7280"
            ],
            "url": "oidc.eks.ap-south-1.amazonaws.com/id/BFCC86EDEEC35A24D7A611D64C581C03"
          },
          "sensitive_attributes": [],
          "private": "bnVsbA==",
          "dependencies": [
            "data.aws_eks_cluster.cluster",
            "data.tls_certificate.thumb",
            "module.eks.aws_cloudwatch_log_group.this",
            "module.eks.aws_eks_cluster.this",
            "module.eks.aws_iam_role.cluster",
            "module.eks.aws_iam_role_policy_attachment.cluster_AmazonEKSClusterPolicy",
            "module.eks.aws_iam_role_policy_attachment.cluster_AmazonEKSServicePolicy",
            "module.eks.aws_iam_role_policy_attachment.cluster_AmazonEKSVPCResourceControllerPolicy",
            "module.eks.aws_security_group.cluster",
            "module.eks.aws_security_group.workers",
            "module.eks.aws_security_group_rule.cluster_egress_internet",
            "module.eks.aws_security_group_rule.cluster_https_worker_ingress",
            "module.eks.aws_security_group_rule.cluster_private_access_cidrs_source",
            "module.eks.aws_security_group_rule.cluster_private_access_sg_source",
            "module.eks.data.aws_iam_policy_document.cluster_assume_role_policy",
            "module.eks.data.aws_iam_role.custom_cluster_iam_role",
            "module.eks.data.aws_partition.current",
            "module.eks.data.http.wait_for_cluster",
            "module.network.aws_subnet.private_subnet",
            "module.network.aws_subnet.public_subnet",
            "module.network.aws_vpc.vpc"
          ]
        }
      ]
    },
    {
      "mode": "managed",
      "type": "aws_iam_role",
      "name": "eks_iam",
      "provider": "provider[\"registry.terraform.io/hashicorp/aws\"]",
      "instances": [
        {
          "schema_version": 0,
          "attributes": {
            "arn": "arn:aws:iam::339713165548:role/hp-udd-prod-eks",
            "assume_role_policy": "{\"Statement\":[{\"Action\":\"sts:AssumeRoleWithWebIdentity\",\"Condition\":{\"StringEquals\":{\"oidc.eks.ap-south-1.amazonaws.com/id/BFCC86EDEEC35A24D7A611D64C581C03:sub\":\"system:serviceaccount:kube-system:ebs-csi-controller-sa\"}},\"Effect\":\"Allow\",\"Principal\":{\"Federated\":\"arn:aws:iam::339713165548:oidc-provider/oidc.eks.ap-south-1.amazonaws.com/id/BFCC86EDEEC35A24D7A611D64C581C03\"},\"Sid\":\"EKSWorkerAssumeRole\"}],\"Version\":\"2012-10-17\"}",
            "create_date": "2024-11-15T04:48:07Z",
            "description": "",
            "force_detach_policies": false,
            "id": "hp-udd-prod-eks",
            "inline_policy": [],
            "managed_policy_arns": [],
            "max_session_duration": 3600,
            "name": "hp-udd-prod-eks",
            "name_prefix": "",
            "path": "/",
            "permissions_boundary": "",
            "tags": null,
            "tags_all": {},
            "unique_id": "AROAU6GD3RDWGRFCYHVFB"
          },
          "sensitive_attributes": [],
          "private": "bnVsbA==",
          "dependencies": [
            "data.aws_caller_identity.current",
            "data.aws_eks_cluster.cluster",
            "module.eks.aws_cloudwatch_log_group.this",
            "module.eks.aws_eks_cluster.this",
            "module.eks.aws_iam_role.cluster",
            "module.eks.aws_iam_role_policy_attachment.cluster_AmazonEKSClusterPolicy",
            "module.eks.aws_iam_role_policy_attachment.cluster_AmazonEKSServicePolicy",
            "module.eks.aws_iam_role_policy_attachment.cluster_AmazonEKSVPCResourceControllerPolicy",
            "module.eks.aws_security_group.cluster",
            "module.eks.aws_security_group.workers",
            "module.eks.aws_security_group_rule.cluster_egress_internet",
            "module.eks.aws_security_group_rule.cluster_https_worker_ingress",
            "module.eks.aws_security_group_rule.cluster_private_access_cidrs_source",
            "module.eks.aws_security_group_rule.cluster_private_access_sg_source",
            "module.eks.data.aws_iam_policy_document.cluster_assume_role_policy",
            "module.eks.data.aws_iam_role.custom_cluster_iam_role",
            "module.eks.data.aws_partition.current",
            "module.eks.data.http.wait_for_cluster",
            "module.network.aws_subnet.private_subnet",
            "module.network.aws_subnet.public_subnet",
            "module.network.aws_vpc.vpc"
          ]
        }
      ]
    },
    {
      "mode": "managed",
      "type": "aws_iam_role_policy_attachment",
      "name": "cluster_AmazonEBSCSIDriverPolicy",
      "provider": "provider[\"registry.terraform.io/hashicorp/aws\"]",
      "instances": [
        {
          "schema_version": 0,
          "attributes": {
            "id": "hp-udd-prod-eks-2024111504480867430000000e",
            "policy_arn": "arn:aws:iam::aws:policy/service-role/AmazonEBSCSIDriverPolicy",
            "role": "hp-udd-prod-eks"
          },
          "sensitive_attributes": [],
          "private": "bnVsbA==",
          "dependencies": [
            "aws_iam_role.eks_iam",
            "data.aws_caller_identity.current",
            "data.aws_eks_cluster.cluster",
            "module.eks.aws_cloudwatch_log_group.this",
            "module.eks.aws_eks_cluster.this",
            "module.eks.aws_iam_role.cluster",
            "module.eks.aws_iam_role_policy_attachment.cluster_AmazonEKSClusterPolicy",
            "module.eks.aws_iam_role_policy_attachment.cluster_AmazonEKSServicePolicy",
            "module.eks.aws_iam_role_policy_attachment.cluster_AmazonEKSVPCResourceControllerPolicy",
            "module.eks.aws_security_group.cluster",
            "module.eks.aws_security_group.workers",
            "module.eks.aws_security_group_rule.cluster_egress_internet",
            "module.eks.aws_security_group_rule.cluster_https_worker_ingress",
            "module.eks.aws_security_group_rule.cluster_private_access_cidrs_source",
            "module.eks.aws_security_group_rule.cluster_private_access_sg_source",
            "module.eks.data.aws_iam_policy_document.cluster_assume_role_policy",
            "module.eks.data.aws_iam_role.custom_cluster_iam_role",
            "module.eks.data.aws_partition.current",
            "module.eks.data.http.wait_for_cluster",
            "module.network.aws_subnet.private_subnet",
            "module.network.aws_subnet.public_subnet",
            "module.network.aws_vpc.vpc"
          ]
        }
      ]
    },
    {
      "mode": "managed",
      "type": "aws_iam_role_policy_attachment",
      "name": "cluster_AmazonEC2FullAccess",
      "provider": "provider[\"registry.terraform.io/hashicorp/aws\"]",
      "instances": [
        {
          "schema_version": 0,
          "attributes": {
            "id": "hp-udd-prod-eks-2024111504480888260000000f",
            "policy_arn": "arn:aws:iam::aws:policy/AmazonEC2FullAccess",
            "role": "hp-udd-prod-eks"
          },
          "sensitive_attributes": [],
          "private": "bnVsbA==",
          "dependencies": [
            "aws_iam_role.eks_iam",
            "data.aws_caller_identity.current",
            "data.aws_eks_cluster.cluster",
            "module.eks.aws_cloudwatch_log_group.this",
            "module.eks.aws_eks_cluster.this",
            "module.eks.aws_iam_role.cluster",
            "module.eks.aws_iam_role_policy_attachment.cluster_AmazonEKSClusterPolicy",
            "module.eks.aws_iam_role_policy_attachment.cluster_AmazonEKSServicePolicy",
            "module.eks.aws_iam_role_policy_attachment.cluster_AmazonEKSVPCResourceControllerPolicy",
            "module.eks.aws_security_group.cluster",
            "module.eks.aws_security_group.workers",
            "module.eks.aws_security_group_rule.cluster_egress_internet",
            "module.eks.aws_security_group_rule.cluster_https_worker_ingress",
            "module.eks.aws_security_group_rule.cluster_private_access_cidrs_source",
            "module.eks.aws_security_group_rule.cluster_private_access_sg_source",
            "module.eks.data.aws_iam_policy_document.cluster_assume_role_policy",
            "module.eks.data.aws_iam_role.custom_cluster_iam_role",
            "module.eks.data.aws_partition.current",
            "module.eks.data.http.wait_for_cluster",
            "module.network.aws_subnet.private_subnet",
            "module.network.aws_subnet.public_subnet",
            "module.network.aws_vpc.vpc"
          ]
        }
      ]
    },
    {
      "mode": "managed",
      "type": "aws_security_group_rule",
      "name": "rds_db_ingress_workers",
      "provider": "provider[\"registry.terraform.io/hashicorp/aws\"]",
      "instances": [
        {
          "schema_version": 2,
          "attributes": {
            "cidr_blocks": [
              "0.0.0.0/0"
            ],
            "description": "Allow worker nodes to communicate with RDS database",
            "from_port": 5432,
            "id": "sgrule-1512522347",
            "ipv6_cidr_blocks": null,
            "prefix_list_ids": null,
            "protocol": "tcp",
            "security_group_id": "sg-0b52893d7824b9fc9",
            "security_group_rule_id": "sgr-056a7b75b56cafc9b",
            "self": false,
            "source_security_group_id": null,
            "timeouts": null,
            "to_port": 5432,
            "type": "ingress"
          },
          "sensitive_attributes": [],
          "private": "eyJlMmJmYjczMC1lY2FhLTExZTYtOGY4OC0zNDM2M2JjN2M0YzAiOnsiY3JlYXRlIjozMDAwMDAwMDAwMDB9LCJzY2hlbWFfdmVyc2lvbiI6IjIifQ==",
          "dependencies": [
            "module.network.aws_security_group.rds_db_sg",
            "module.network.aws_vpc.vpc"
          ]
        }
      ]
    },
    {
      "mode": "managed",
      "type": "kubernetes_annotations",
      "name": "example",
      "provider": "provider[\"registry.terraform.io/hashicorp/kubernetes\"]",
      "instances": [
        {
          "schema_version": 0,
          "attributes": {
            "annotations": {
              "eks.amazonaws.com/role-arn": "arn:aws:iam::339713165548:role/hp-udd-prod-eks"
            },
            "api_version": "v1",
            "field_manager": "Terraform",
            "force": null,
            "id": "apiVersion=v1,kind=ServiceAccount,name=ebs-csi-controller-sa,namespace=kube-system",
            "kind": "ServiceAccount",
            "metadata": [
              {
                "name": "ebs-csi-controller-sa",
                "namespace": "kube-system"
              }
            ],
            "template_annotations": null
          },
          "sensitive_attributes": [],
          "private": "bnVsbA==",
          "dependencies": [
            "aws_iam_role.eks_iam",
            "data.aws_caller_identity.current",
            "data.aws_eks_cluster.cluster",
            "data.aws_eks_cluster_auth.cluster",
            "module.eks.aws_cloudwatch_log_group.this",
            "module.eks.aws_eks_cluster.this",
            "module.eks.aws_iam_role.cluster",
            "module.eks.aws_iam_role_policy_attachment.cluster_AmazonEKSClusterPolicy",
            "module.eks.aws_iam_role_policy_attachment.cluster_AmazonEKSServicePolicy",
            "module.eks.aws_iam_role_policy_attachment.cluster_AmazonEKSVPCResourceControllerPolicy",
            "module.eks.aws_security_group.cluster",
            "module.eks.aws_security_group.workers",
            "module.eks.aws_security_group_rule.cluster_egress_internet",
            "module.eks.aws_security_group_rule.cluster_https_worker_ingress",
            "module.eks.aws_security_group_rule.cluster_private_access_cidrs_source",
            "module.eks.aws_security_group_rule.cluster_private_access_sg_source",
            "module.eks.data.aws_iam_policy_document.cluster_assume_role_policy",
            "module.eks.data.aws_iam_role.custom_cluster_iam_role",
            "module.eks.data.aws_partition.current",
            "module.eks.data.http.wait_for_cluster",
            "module.network.aws_subnet.private_subnet",
            "module.network.aws_subnet.public_subnet",
            "module.network.aws_vpc.vpc"
          ]
        }
      ]
    },
    {
      "mode": "managed",
      "type": "kubernetes_service_account",
      "name": "ebs_csi_controller_sa",
      "provider": "provider[\"registry.terraform.io/hashicorp/kubernetes\"]",
      "instances": [
        {
          "schema_version": 0,
          "attributes": {
            "automount_service_account_token": true,
            "default_secret_name": "",
            "id": "kube-system/ebs-csi-controller-sa",
            "image_pull_secret": [],
            "metadata": [
              {
                "annotations": null,
                "generate_name": "",
                "generation": 0,
                "labels": null,
                "name": "ebs-csi-controller-sa",
                "namespace": "kube-system",
                "resource_version": "776",
                "uid": "a01d24e3-0c83-4b5a-868d-2283dcb13e4d"
              }
            ],
            "secret": [],
            "timeouts": null
          },
          "sensitive_attributes": [],
          "private": "eyJlMmJmYjczMC1lY2FhLTExZTYtOGY4OC0zNDM2M2JjN2M0YzAiOnsiY3JlYXRlIjozMDAwMDAwMDAwMH19",
          "dependencies": [
            "data.aws_eks_cluster.cluster",
            "data.aws_eks_cluster_auth.cluster",
            "module.eks.aws_cloudwatch_log_group.this",
            "module.eks.aws_eks_cluster.this",
            "module.eks.aws_iam_role.cluster",
            "module.eks.aws_iam_role_policy_attachment.cluster_AmazonEKSClusterPolicy",
            "module.eks.aws_iam_role_policy_attachment.cluster_AmazonEKSServicePolicy",
            "module.eks.aws_iam_role_policy_attachment.cluster_AmazonEKSVPCResourceControllerPolicy",
            "module.eks.aws_security_group.cluster",
            "module.eks.aws_security_group.workers",
            "module.eks.aws_security_group_rule.cluster_egress_internet",
            "module.eks.aws_security_group_rule.cluster_https_worker_ingress",
            "module.eks.aws_security_group_rule.cluster_private_access_cidrs_source",
            "module.eks.aws_security_group_rule.cluster_private_access_sg_source",
            "module.eks.data.aws_iam_policy_document.cluster_assume_role_policy",
            "module.eks.data.aws_iam_role.custom_cluster_iam_role",
            "module.eks.data.aws_partition.current",
            "module.eks.data.http.wait_for_cluster",
            "module.network.aws_subnet.private_subnet",
            "module.network.aws_subnet.public_subnet",
            "module.network.aws_vpc.vpc"
          ]
        }
      ]
    },
    {
      "module": "module.db",
      "mode": "managed",
      "type": "aws_db_instance",
      "name": "rds_postgres",
      "provider": "provider[\"registry.terraform.io/hashicorp/aws\"]",
      "instances": [
        {
          "schema_version": 2,
          "attributes": {
            "address": "hp-udd-prod-db.cbm06cyisapf.ap-south-1.rds.amazonaws.com",
            "allocated_storage": 10,
            "allow_major_version_upgrade": null,
            "apply_immediately": false,
            "arn": "arn:aws:rds:ap-south-1:339713165548:db:hp-udd-prod-db",
            "auto_minor_version_upgrade": true,
            "availability_zone": "ap-south-1b",
            "backup_retention_period": 7,
            "backup_target": "region",
            "backup_window": "20:16-20:46",
            "blue_green_update": [],
            "ca_cert_identifier": "rds-ca-rsa2048-g1",
            "character_set_name": "",
            "copy_tags_to_snapshot": true,
            "custom_iam_instance_profile": "",
            "customer_owned_ip_enabled": false,
            "db_name": "hp_udd_prod",
            "db_subnet_group_name": "db-subnet-group-hp-udd-prod",
            "dedicated_log_volume": false,
            "delete_automated_backups": true,
            "deletion_protection": false,
            "domain": "",
            "domain_auth_secret_arn": "",
            "domain_dns_ips": null,
            "domain_fqdn": "",
            "domain_iam_role_name": "",
            "domain_ou": "",
            "enabled_cloudwatch_logs_exports": null,
            "endpoint": "hp-udd-prod-db.cbm06cyisapf.ap-south-1.rds.amazonaws.com:5432",
            "engine": "postgres",
            "engine_lifecycle_support": "open-source-rds-extended-support",
            "engine_version": "11.22",
            "engine_version_actual": "11.22",
            "final_snapshot_identifier": null,
            "hosted_zone_id": "Z2VFMSZA74J7XZ",
            "iam_database_authentication_enabled": false,
            "id": "db-Y5DXERM4DRFP4VTGAXLZMDFE5U",
            "identifier": "hp-udd-prod-db",
            "identifier_prefix": "",
            "instance_class": "db.t3.medium",
            "iops": 0,
            "kms_key_id": "",
            "latest_restorable_time": "2024-11-15T04:44:41Z",
            "license_model": "postgresql-license",
            "listener_endpoint": [],
            "maintenance_window": "mon:12:31-mon:13:01",
            "manage_master_user_password": null,
            "master_user_secret": [],
            "master_user_secret_kms_key_id": null,
            "max_allocated_storage": 0,
            "monitoring_interval": 0,
            "monitoring_role_arn": "",
            "multi_az": false,
            "nchar_character_set_name": "",
            "network_type": "IPV4",
            "option_group_name": "default:postgres-11",
            "parameter_group_name": "default.postgres11",
            "password": "postgres",
            "performance_insights_enabled": false,
            "performance_insights_kms_key_id": "",
            "performance_insights_retention_period": 0,
            "port": 5432,
            "publicly_accessible": false,
            "replica_mode": "",
            "replicas": [],
            "replicate_source_db": "",
            "resource_id": "db-Y5DXERM4DRFP4VTGAXLZMDFE5U",
            "restore_to_point_in_time": [],
            "s3_import": [],
            "skip_final_snapshot": true,
            "snapshot_identifier": null,
            "status": "available",
            "storage_encrypted": false,
            "storage_throughput": 0,
            "storage_type": "gp2",
            "tags": {
              "Name": "hp-udd-prod-db",
              "environment": "hp-udd-prod"
            },
            "tags_all": {
              "Name": "hp-udd-prod-db",
              "environment": "hp-udd-prod"
            },
            "timeouts": null,
            "timezone": "",
            "upgrade_storage_config": null,
            "username": "postgres",
            "vpc_security_group_ids": [
              "sg-0b52893d7824b9fc9"
            ]
          },
          "sensitive_attributes": [
            [
              {
                "type": "get_attr",
                "value": "password"
              }
            ]
          ],
          "private": "eyJlMmJmYjczMC1lY2FhLTExZTYtOGY4OC0zNDM2M2JjN2M0YzAiOnsiY3JlYXRlIjoyNDAwMDAwMDAwMDAwLCJkZWxldGUiOjM2MDAwMDAwMDAwMDAsInVwZGF0ZSI6NDgwMDAwMDAwMDAwMH0sInNjaGVtYV92ZXJzaW9uIjoiMiJ9",
          "dependencies": [
            "module.db.aws_db_subnet_group.db_subnet_group",
            "module.network.aws_security_group.rds_db_sg",
            "module.network.aws_subnet.private_subnet",
            "module.network.aws_vpc.vpc"
          ]
        }
      ]
    },
    {
      "module": "module.db",
      "mode": "managed",
      "type": "aws_db_subnet_group",
      "name": "db_subnet_group",
      "provider": "provider[\"registry.terraform.io/hashicorp/aws\"]",
      "instances": [
        {
          "schema_version": 0,
          "attributes": {
            "arn": "arn:aws:rds:ap-south-1:339713165548:subgrp:db-subnet-group-hp-udd-prod",
            "description": "Managed by Terraform",
            "id": "db-subnet-group-hp-udd-prod",
            "name": "db-subnet-group-hp-udd-prod",
            "name_prefix": "",
            "subnet_ids": [
              "subnet-06ab05fbfd378bbc0",
              "subnet-079384c6aa806aa50"
            ],
            "supported_network_types": [
              "IPV4"
            ],
            "tags": {
              "Name": "db-subnet-group-hp-udd-prod",
              "environment": "hp-udd-prod"
            },
            "tags_all": {
              "Name": "db-subnet-group-hp-udd-prod",
              "environment": "hp-udd-prod"
            },
            "vpc_id": "vpc-01a46576852d5b10f"
          },
          "sensitive_attributes": [],
          "private": "bnVsbA==",
          "dependencies": [
            "module.network.aws_subnet.private_subnet",
            "module.network.aws_vpc.vpc"
          ]
        }
      ]
    },
    {
      "module": "module.eks",
      "mode": "data",
      "type": "aws_ami",
      "name": "eks_worker",
      "provider": "provider[\"registry.terraform.io/hashicorp/aws\"]",
      "instances": [
        {
          "index_key": 0,
          "schema_version": 0,
          "attributes": {
            "architecture": "x86_64",
            "arn": "arn:aws:ec2:ap-south-1::image/ami-0f7bbf5ee14bb3792",
            "block_device_mappings": [
              {
                "device_name": "/dev/xvda",
                "ebs": {
                  "delete_on_termination": "true",
                  "encrypted": "false",
                  "iops": "0",
                  "snapshot_id": "snap-0779fe741ae5eaf9e",
                  "throughput": "0",
                  "volume_size": "20",
                  "volume_type": "gp2"
                },
                "no_device": "",
                "virtual_name": ""
              }
            ],
            "boot_mode": "",
            "creation_date": "2024-11-10T03:48:47.000Z",
            "deprecation_time": "2026-11-10T03:48:47.000Z",
            "description": "EKS Kubernetes Worker AMI with AmazonLinux2 image, (k8s: 1.31.0, containerd: 1.7.*)",
            "ena_support": true,
            "executable_users": null,
            "filter": [
              {
                "name": "name",
                "values": [
                  "amazon-eks-node-1.31-v*"
                ]
              }
            ],
            "hypervisor": "xen",
            "id": "ami-0f7bbf5ee14bb3792",
            "image_id": "ami-0f7bbf5ee14bb3792",
            "image_location": "amazon/amazon-eks-node-1.31-v20241109",
            "image_owner_alias": "amazon",
            "image_type": "machine",
            "imds_support": "",
            "include_deprecated": false,
            "kernel_id": "",
            "most_recent": true,
            "name": "amazon-eks-node-1.31-v20241109",
            "name_regex": null,
            "owner_id": "602401143452",
            "owners": [
              "amazon"
            ],
            "platform": "",
            "platform_details": "Linux/UNIX",
            "product_codes": [],
            "public": true,
            "ramdisk_id": "",
            "root_device_name": "/dev/xvda",
            "root_device_type": "ebs",
            "root_snapshot_id": "snap-0779fe741ae5eaf9e",
            "sriov_net_support": "simple",
            "state": "available",
            "state_reason": {
              "code": "UNSET",
              "message": "UNSET"
            },
            "tags": {},
            "timeouts": null,
            "tpm_support": "",
            "usage_operation": "RunInstances",
            "virtualization_type": "hvm"
          },
          "sensitive_attributes": []
        }
      ]
    },
    {
      "module": "module.eks",
      "mode": "data",
      "type": "aws_caller_identity",
      "name": "current",
      "provider": "provider[\"registry.terraform.io/hashicorp/aws\"]",
      "instances": [
        {
          "schema_version": 0,
          "attributes": {
            "account_id": "339713165548",
            "arn": "arn:aws:iam::339713165548:user/HP_PROD",
            "id": "339713165548",
            "user_id": "AIDAU6GD3RDWFRUIUADF6"
          },
          "sensitive_attributes": []
        }
      ]
    },
    {
      "module": "module.eks",
      "mode": "data",
      "type": "aws_iam_policy_document",
      "name": "cluster_assume_role_policy",
      "provider": "provider[\"registry.terraform.io/hashicorp/aws\"]",
      "instances": [
        {
          "schema_version": 0,
          "attributes": {
            "id": "1530481229",
            "json": "{\n  \"Version\": \"2012-10-17\",\n  \"Statement\": [\n    {\n      \"Sid\": \"EKSClusterAssumeRole\",\n      \"Effect\": \"Allow\",\n      \"Action\": \"sts:AssumeRole\",\n      \"Principal\": {\n        \"Service\": \"eks.amazonaws.com\"\n      }\n    }\n  ]\n}",
            "minified_json": "{\"Version\":\"2012-10-17\",\"Statement\":[{\"Sid\":\"EKSClusterAssumeRole\",\"Effect\":\"Allow\",\"Action\":\"sts:AssumeRole\",\"Principal\":{\"Service\":\"eks.amazonaws.com\"}}]}",
            "override_json": null,
            "override_policy_documents": null,
            "policy_id": null,
            "source_json": null,
            "source_policy_documents": null,
            "statement": [
              {
                "actions": [
                  "sts:AssumeRole"
                ],
                "condition": [],
                "effect": "Allow",
                "not_actions": [],
                "not_principals": [],
                "not_resources": [],
                "principals": [
                  {
                    "identifiers": [
                      "eks.amazonaws.com"
                    ],
                    "type": "Service"
                  }
                ],
                "resources": [],
                "sid": "EKSClusterAssumeRole"
              }
            ],
            "version": "2012-10-17"
          },
          "sensitive_attributes": []
        }
      ]
    },
    {
      "module": "module.eks",
      "mode": "data",
      "type": "aws_iam_policy_document",
      "name": "cluster_deny_log_group",
      "provider": "provider[\"registry.terraform.io/hashicorp/aws\"]",
      "instances": [
        {
          "index_key": 0,
          "schema_version": 0,
          "attributes": {
            "id": "1354144401",
            "json": "{\n  \"Version\": \"2012-10-17\",\n  \"Statement\": [\n    {\n      \"Effect\": \"Deny\",\n      \"Action\": \"logs:CreateLogGroup\",\n      \"Resource\": \"*\"\n    }\n  ]\n}",
            "minified_json": "{\"Version\":\"2012-10-17\",\"Statement\":[{\"Effect\":\"Deny\",\"Action\":\"logs:CreateLogGroup\",\"Resource\":\"*\"}]}",
            "override_json": null,
            "override_policy_documents": null,
            "policy_id": null,
            "source_json": null,
            "source_policy_documents": null,
            "statement": [
              {
                "actions": [
                  "logs:CreateLogGroup"
                ],
                "condition": [],
                "effect": "Deny",
                "not_actions": [],
                "not_principals": [],
                "not_resources": [],
                "principals": [],
                "resources": [
                  "*"
                ],
                "sid": ""
              }
            ],
            "version": "2012-10-17"
          },
          "sensitive_attributes": []
        }
      ]
    },
    {
      "module": "module.eks",
      "mode": "data",
      "type": "aws_iam_policy_document",
      "name": "cluster_elb_sl_role_creation",
      "provider": "provider[\"registry.terraform.io/hashicorp/aws\"]",
      "instances": [
        {
          "index_key": 0,
          "schema_version": 0,
          "attributes": {
            "id": "1465394364",
            "json": "{\n  \"Version\": \"2012-10-17\",\n  \"Statement\": [\n    {\n      \"Effect\": \"Allow\",\n      \"Action\": [\n        \"ec2:DescribeInternetGateways\",\n        \"ec2:DescribeAddresses\",\n        \"ec2:DescribeAccountAttributes\"\n      ],\n      \"Resource\": \"*\"\n    }\n  ]\n}",
            "minified_json": "{\"Version\":\"2012-10-17\",\"Statement\":[{\"Effect\":\"Allow\",\"Action\":[\"ec2:DescribeInternetGateways\",\"ec2:DescribeAddresses\",\"ec2:DescribeAccountAttributes\"],\"Resource\":\"*\"}]}",
            "override_json": null,
            "override_policy_documents": null,
            "policy_id": null,
            "source_json": null,
            "source_policy_documents": null,
            "statement": [
              {
                "actions": [
                  "ec2:DescribeAccountAttributes",
                  "ec2:DescribeAddresses",
                  "ec2:DescribeInternetGateways"
                ],
                "condition": [],
                "effect": "Allow",
                "not_actions": [],
                "not_principals": [],
                "not_resources": [],
                "principals": [],
                "resources": [
                  "*"
                ],
                "sid": ""
              }
            ],
            "version": "2012-10-17"
          },
          "sensitive_attributes": []
        }
      ]
    },
    {
      "module": "module.eks",
      "mode": "data",
      "type": "aws_iam_policy_document",
      "name": "workers_assume_role_policy",
      "provider": "provider[\"registry.terraform.io/hashicorp/aws\"]",
      "instances": [
        {
          "schema_version": 0,
          "attributes": {
            "id": "516948372",
            "json": "{\n  \"Version\": \"2012-10-17\",\n  \"Statement\": [\n    {\n      \"Sid\": \"EKSWorkerAssumeRole\",\n      \"Effect\": \"Allow\",\n      \"Action\": \"sts:AssumeRole\",\n      \"Principal\": {\n        \"Service\": \"ec2.amazonaws.com\"\n      }\n    }\n  ]\n}",
            "minified_json": "{\"Version\":\"2012-10-17\",\"Statement\":[{\"Sid\":\"EKSWorkerAssumeRole\",\"Effect\":\"Allow\",\"Action\":\"sts:AssumeRole\",\"Principal\":{\"Service\":\"ec2.amazonaws.com\"}}]}",
            "override_json": null,
            "override_policy_documents": null,
            "policy_id": null,
            "source_json": null,
            "source_policy_documents": null,
            "statement": [
              {
                "actions": [
                  "sts:AssumeRole"
                ],
                "condition": [],
                "effect": "Allow",
                "not_actions": [],
                "not_principals": [],
                "not_resources": [],
                "principals": [
                  {
                    "identifiers": [
                      "ec2.amazonaws.com"
                    ],
                    "type": "Service"
                  }
                ],
                "resources": [],
                "sid": "EKSWorkerAssumeRole"
              }
            ],
            "version": "2012-10-17"
          },
          "sensitive_attributes": []
        }
      ]
    },
    {
      "module": "module.eks",
      "mode": "data",
      "type": "aws_partition",
      "name": "current",
      "provider": "provider[\"registry.terraform.io/hashicorp/aws\"]",
      "instances": [
        {
          "schema_version": 0,
          "attributes": {
            "dns_suffix": "amazonaws.com",
            "id": "aws",
            "partition": "aws",
            "reverse_dns_prefix": "com.amazonaws"
          },
          "sensitive_attributes": []
        }
      ]
    },
    {
      "module": "module.eks",
      "mode": "data",
      "type": "http",
      "name": "wait_for_cluster",
      "provider": "provider[\"registry.terraform.io/terraform-aws-modules/http\"]",
      "instances": [
        {
          "index_key": 0,
          "schema_version": 0,
          "attributes": {
            "body": "ok",
            "ca_certificate": "-----BEGIN CERTIFICATE-----\nMIIDBTCCAe2gAwIBAgIILlGEh850lKIwDQYJKoZIhvcNAQELBQAwFTETMBEGA1UE\nAxMKa3ViZXJuZXRlczAeFw0yNDExMTUwNDM5NDVaFw0zNDExMTMwNDQ0NDVaMBUx\nEzARBgNVBAMTCmt1YmVybmV0ZXMwggEiMA0GCSqGSIb3DQEBAQUAA4IBDwAwggEK\nAoIBAQDOyxR9epijqGT+3qDZbPEfAyy4Xq1eXDuap1rucgPqOPSXA2QHEyXxE/22\nUY/X4yr0r7RsXm/VdwNAMp3frSeo4ZDrc4fKaEf7fjejaTmUzctWUpojd011qpHi\nUsDNNH7VZgnFWvxxBa/qwOHt0DjowEVwN4ZObWE2beMBbSgBTixFy7OCOizqRs95\nhl7SZZCJMc3mag3CQRObhfXxQFuFobn4Ustlm53F17y30RjdMdhhP2z4rXTWCbOF\n/7yXYnPoxLI0DHQVX/yM4g0XvXlM4DWFVJjpKa8qEUcJiYNin1/4swyAB7Sl+ILS\ne7tJNZIWr717TTDXMW9IWNz8g6OlAgMBAAGjWTBXMA4GA1UdDwEB/wQEAwICpDAP\nBgNVHRMBAf8EBTADAQH/MB0GA1UdDgQWBBRKy7Gg849olqTf96RSkqVFUMDtEzAV\nBgNVHREEDjAMggprdWJlcm5ldGVzMA0GCSqGSIb3DQEBCwUAA4IBAQAucpNMGux7\nTu6jh/TvI3Y4aCvJ579Z5H3lTmeRoNsDdiAoneQwXrCe6adncbNti6bX65ExLOfi\nOzuKFPsJF5X6desQhZnRKw2tpZACdoM2ba2PHbJhiu1dDarte7g7wUhUYpQ3z7yV\nSlTNi8tZKXtccu5YBrD1blsQ0oBtT5flz0OoenPyk5OTmLIVf55o3qXBDjH2sASZ\n+3fPfFDjZx2WlEMvxQNm1Ausr/ixSV8+qxTA9Gjex/oiZ3CTOgO3rB+ihslDlsEm\nktgze9tvpnCxkU8UL43EnYQjrsQ8yy0jZdQpyVpRwQtgRYZGI5Fxo/MghTl2mxRY\nI+wWiGEumC5t\n-----END CERTIFICATE-----\n",
            "id": "https://BFCC86EDEEC35A24D7A611D64C581C03.yl4.ap-south-1.eks.amazonaws.com/healthz",
            "insecure": false,
            "request_headers": null,
            "response_headers": {
              "Audit-Id": "d312a384-1664-4a66-8847-8cd7c3193852",
              "Cache-Control": "no-cache, private",
              "Content-Length": "2",
              "Content-Type": "text/plain; charset=utf-8",
              "Date": "Fri, 15 Nov 2024 04:48:06 GMT",
              "X-Content-Type-Options": "nosniff",
              "X-Kubernetes-Pf-Flowschema-Uid": "4f7e8129-5a07-45c6-badb-b44cfc60f75b",
              "X-Kubernetes-Pf-Prioritylevel-Uid": "476cedf4-8552-4892-9392-da4276a18b12"
            },
            "timeout": 300,
            "url": "https://BFCC86EDEEC35A24D7A611D64C581C03.yl4.ap-south-1.eks.amazonaws.com/healthz"
          },
          "sensitive_attributes": []
        }
      ]
    },
    {
      "module": "module.eks",
      "mode": "managed",
      "type": "aws_autoscaling_group",
      "name": "workers",
      "provider": "provider[\"registry.terraform.io/hashicorp/aws\"]",
      "instances": [
        {
          "index_key": 0,
          "schema_version": 1,
          "attributes": {
            "arn": "arn:aws:autoscaling:ap-south-1:339713165548:autoScalingGroup:4d7fc176-5f04-46a2-82a9-539e6c7fb06e:autoScalingGroupName/hp-udd-prod-spot20241115044816999000000011",
            "availability_zones": [
              "ap-south-1b"
            ],
            "capacity_rebalance": false,
            "context": "",
            "default_cooldown": 300,
            "default_instance_warmup": 0,
            "desired_capacity": 6,
            "desired_capacity_type": "",
            "enabled_metrics": null,
            "force_delete": false,
            "force_delete_warm_pool": false,
            "health_check_grace_period": 300,
            "health_check_type": "EC2",
            "id": "hp-udd-prod-spot20241115044816999000000011",
            "ignore_failed_scaling_activities": false,
            "initial_lifecycle_hook": [],
            "instance_maintenance_policy": [],
            "instance_refresh": [],
            "launch_configuration": "hp-udd-prod-spot20241115044815757200000010",
            "launch_template": [],
            "load_balancers": [],
            "max_instance_lifetime": 0,
            "max_size": 6,
            "metrics_granularity": "1Minute",
            "min_elb_capacity": null,
            "min_size": 1,
            "mixed_instances_policy": [],
            "name": "hp-udd-prod-spot20241115044816999000000011",
            "name_prefix": "hp-udd-prod-spot",
            "placement_group": "",
            "predicted_capacity": 0,
            "protect_from_scale_in": false,
            "service_linked_role_arn": "arn:aws:iam::339713165548:role/aws-service-role/autoscaling.amazonaws.com/AWSServiceRoleForAutoScaling",
            "suspended_processes": [
              "AZRebalance"
            ],
            "tag": [
              {
                "key": "KubernetesCluster",
                "propagate_at_launch": true,
                "value": "hp-udd-prod"
              },
              {
                "key": "Name",
                "propagate_at_launch": true,
                "value": "hp-udd-prod-spot-eks_asg"
              },
              {
                "key": "k8s.io/cluster/hp-udd-prod",
                "propagate_at_launch": true,
                "value": "owned"
              },
              {
                "key": "kubernetes.io/cluster/hp-udd-prod",
                "propagate_at_launch": true,
                "value": "owned"
              }
            ],
            "target_group_arns": [],
            "termination_policies": [],
            "timeouts": null,
            "traffic_source": [],
            "vpc_zone_identifier": [
              "subnet-06ab05fbfd378bbc0"
            ],
            "wait_for_capacity_timeout": "10m",
            "wait_for_elb_capacity": null,
            "warm_pool": [],
            "warm_pool_size": 0
          },
          "sensitive_attributes": [],
          "private": "eyJlMmJmYjczMC1lY2FhLTExZTYtOGY4OC0zNDM2M2JjN2M0YzAiOnsiZGVsZXRlIjo2MDAwMDAwMDAwMDAsInVwZGF0ZSI6NjAwMDAwMDAwMDAwfSwic2NoZW1hX3ZlcnNpb24iOiIxIn0=",
          "dependencies": [
            "module.eks.aws_cloudwatch_log_group.this",
            "module.eks.aws_eks_cluster.this",
            "module.eks.aws_iam_instance_profile.workers",
            "module.eks.aws_iam_role.cluster",
            "module.eks.aws_iam_role.workers",
            "module.eks.aws_iam_role_policy_attachment.cluster_AmazonEKSClusterPolicy",
            "module.eks.aws_iam_role_policy_attachment.cluster_AmazonEKSServicePolicy",
            "module.eks.aws_iam_role_policy_attachment.cluster_AmazonEKSVPCResourceControllerPolicy",
            "module.eks.aws_iam_role_policy_attachment.workers_AmazonEC2ContainerRegistryReadOnly",
            "module.eks.aws_iam_role_policy_attachment.workers_AmazonEKSWorkerNodePolicy",
            "module.eks.aws_iam_role_policy_attachment.workers_AmazonEKS_CNI_Policy",
            "module.eks.aws_iam_role_policy_attachment.workers_additional_policies",
            "module.eks.aws_launch_configuration.workers",
            "module.eks.aws_security_group.cluster",
            "module.eks.aws_security_group.workers",
            "module.eks.aws_security_group_rule.cluster_egress_internet",
            "module.eks.aws_security_group_rule.cluster_https_worker_ingress",
            "module.eks.aws_security_group_rule.cluster_primary_ingress_workers",
            "module.eks.aws_security_group_rule.workers_egress_internet",
            "module.eks.aws_security_group_rule.workers_ingress_cluster",
            "module.eks.aws_security_group_rule.workers_ingress_cluster_https",
            "module.eks.aws_security_group_rule.workers_ingress_cluster_kubelet",
            "module.eks.aws_security_group_rule.workers_ingress_cluster_primary",
            "module.eks.aws_security_group_rule.workers_ingress_self",
            "module.eks.data.aws_ami.eks_worker",
            "module.eks.data.aws_ami.eks_worker_windows",
            "module.eks.data.aws_iam_instance_profile.custom_worker_group_iam_instance_profile",
            "module.eks.data.aws_iam_policy_document.cluster_assume_role_policy",
            "module.eks.data.aws_iam_policy_document.workers_assume_role_policy",
            "module.eks.data.aws_iam_role.custom_cluster_iam_role",
            "module.eks.data.aws_partition.current",
            "module.network.aws_subnet.private_subnet",
            "module.network.aws_subnet.public_subnet",
            "module.network.aws_vpc.vpc"
          ],
          "create_before_destroy": true
        }
      ]
    },
    {
      "module": "module.eks",
      "mode": "managed",
      "type": "aws_eks_cluster",
      "name": "this",
      "provider": "provider[\"registry.terraform.io/hashicorp/aws\"]",
      "instances": [
        {
          "index_key": 0,
          "schema_version": 1,
          "attributes": {
            "access_config": [
              {
                "authentication_mode": "CONFIG_MAP",
                "bootstrap_cluster_creator_admin_permissions": true
              }
            ],
            "arn": "arn:aws:eks:ap-south-1:339713165548:cluster/hp-udd-prod",
            "bootstrap_self_managed_addons": true,
            "certificate_authority": [
              {
                "data": "LS0tLS1CRUdJTiBDRVJUSUZJQ0FURS0tLS0tCk1JSURCVENDQWUyZ0F3SUJBZ0lJTGxHRWg4NTBsS0l3RFFZSktvWklodmNOQVFFTEJRQXdGVEVUTUJFR0ExVUUKQXhNS2EzVmlaWEp1WlhSbGN6QWVGdzB5TkRFeE1UVXdORE01TkRWYUZ3MHpOREV4TVRNd05EUTBORFZhTUJVeApFekFSQmdOVkJBTVRDbXQxWW1WeWJtVjBaWE13Z2dFaU1BMEdDU3FHU0liM0RRRUJBUVVBQTRJQkR3QXdnZ0VLCkFvSUJBUURPeXhSOWVwaWpxR1QrM3FEWmJQRWZBeXk0WHExZVhEdWFwMXJ1Y2dQcU9QU1hBMlFIRXlYeEUvMjIKVVkvWDR5cjByN1JzWG0vVmR3TkFNcDNmclNlbzRaRHJjNGZLYUVmN2ZqZWphVG1VemN0V1Vwb2pkMDExcXBIaQpVc0ROTkg3VlpnbkZXdnh4QmEvcXdPSHQwRGpvd0VWd040Wk9iV0UyYmVNQmJTZ0JUaXhGeTdPQ09penFSczk1CmhsN1NaWkNKTWMzbWFnM0NRUk9iaGZYeFFGdUZvYm40VXN0bG01M0YxN3kzMFJqZE1kaGhQMno0clhUV0NiT0YKLzd5WFluUG94TEkwREhRVlgveU00ZzBYdlhsTTREV0ZWSmpwS2E4cUVVY0ppWU5pbjEvNHN3eUFCN1NsK0lMUwplN3RKTlpJV3I3MTdUVERYTVc5SVdOejhnNk9sQWdNQkFBR2pXVEJYTUE0R0ExVWREd0VCL3dRRUF3SUNwREFQCkJnTlZIUk1CQWY4RUJUQURBUUgvTUIwR0ExVWREZ1FXQkJSS3k3R2c4NDlvbHFUZjk2UlNrcVZGVU1EdEV6QVYKQmdOVkhSRUVEakFNZ2dwcmRXSmxjbTVsZEdWek1BMEdDU3FHU0liM0RRRUJDd1VBQTRJQkFRQXVjcE5NR3V4NwpUdTZqaC9UdkkzWTRhQ3ZKNTc5WjVIM2xUbWVSb05zRGRpQW9uZVF3WHJDZTZhZG5jYk50aTZiWDY1RXhMT2ZpCk96dUtGUHNKRjVYNmRlc1FoWm5SS3cydHBaQUNkb00yYmEyUEhiSmhpdTFkRGFydGU3Zzd3VWhVWXBRM3o3eVYKU2xUTmk4dFpLWHRjY3U1WUJyRDFibHNRMG9CdFQ1Zmx6ME9vZW5QeWs1T1RtTElWZjU1bzNxWEJEakgyc0FTWgorM2ZQZkZEalp4MldsRU12eFFObTFBdXNyL2l4U1Y4K3F4VEE5R2pleC9vaVozQ1RPZ08zckIraWhzbERsc0VtCmt0Z3plOXR2cG5DeGtVOFVMNDNFbllRanJzUTh5eTBqWmRRcHlWcFJ3UXRnUllaR0k1RnhvL01naFRsMm14UlkKSSt3V2lHRXVtQzV0Ci0tLS0tRU5EIENFUlRJRklDQVRFLS0tLS0K"
              }
            ],
            "cluster_id": null,
            "created_at": "2024-11-15T04:40:43Z",
            "enabled_cluster_log_types": null,
            "encryption_config": [],
            "endpoint": "https://BFCC86EDEEC35A24D7A611D64C581C03.yl4.ap-south-1.eks.amazonaws.com",
            "id": "hp-udd-prod",
            "identity": [
              {
                "oidc": [
                  {
                    "issuer": "https://oidc.eks.ap-south-1.amazonaws.com/id/BFCC86EDEEC35A24D7A611D64C581C03"
                  }
                ]
              }
            ],
            "kubernetes_network_config": [
              {
                "ip_family": "ipv4",
                "service_ipv4_cidr": "10.100.0.0/16",
                "service_ipv6_cidr": ""
              }
            ],
            "name": "hp-udd-prod",
            "outpost_config": [],
            "platform_version": "eks.12",
            "role_arn": "arn:aws:iam::339713165548:role/hp-udd-prod20241115043118557000000004",
            "status": "ACTIVE",
            "tags": {
              "KubernetesCluster": "hp-udd-prod",
              "kubernetes.io/cluster/hp-udd-prod": "owned"
            },
            "tags_all": {
              "KubernetesCluster": "hp-udd-prod",
              "kubernetes.io/cluster/hp-udd-prod": "owned"
            },
            "timeouts": {
              "create": "30m",
              "delete": "15m",
              "update": "60m"
            },
            "upgrade_policy": [
              {
                "support_type": "EXTENDED"
              }
            ],
            "version": "1.31",
            "vpc_config": [
              {
                "cluster_security_group_id": "sg-0732efc290e8bbcdf",
                "endpoint_private_access": false,
                "endpoint_public_access": true,
                "public_access_cidrs": [
                  "0.0.0.0/0"
                ],
                "security_group_ids": [
                  "sg-093323a1da47049f1"
                ],
                "subnet_ids": [
                  "subnet-02d9b873c4971a9cc",
                  "subnet-06ab05fbfd378bbc0",
                  "subnet-079384c6aa806aa50",
                  "subnet-0eb925d892e6fffc2"
                ],
                "vpc_id": "vpc-01a46576852d5b10f"
              }
            ],
            "zonal_shift_config": []
          },
          "sensitive_attributes": [],
          "private": "eyJlMmJmYjczMC1lY2FhLTExZTYtOGY4OC0zNDM2M2JjN2M0YzAiOnsiY3JlYXRlIjoxODAwMDAwMDAwMDAwLCJkZWxldGUiOjkwMDAwMDAwMDAwMCwidXBkYXRlIjozNjAwMDAwMDAwMDAwfSwic2NoZW1hX3ZlcnNpb24iOiIxIn0=",
          "dependencies": [
            "module.eks.aws_cloudwatch_log_group.this",
            "module.eks.aws_iam_role.cluster",
            "module.eks.aws_iam_role_policy_attachment.cluster_AmazonEKSClusterPolicy",
            "module.eks.aws_iam_role_policy_attachment.cluster_AmazonEKSServicePolicy",
            "module.eks.aws_iam_role_policy_attachment.cluster_AmazonEKSVPCResourceControllerPolicy",
            "module.eks.aws_security_group.cluster",
            "module.eks.aws_security_group.workers",
            "module.eks.aws_security_group_rule.cluster_egress_internet",
            "module.eks.aws_security_group_rule.cluster_https_worker_ingress",
            "module.eks.data.aws_iam_policy_document.cluster_assume_role_policy",
            "module.eks.data.aws_iam_role.custom_cluster_iam_role",
            "module.eks.data.aws_partition.current",
            "module.network.aws_subnet.private_subnet",
            "module.network.aws_subnet.public_subnet",
            "module.network.aws_vpc.vpc"
          ],
          "create_before_destroy": true
        }
      ]
    },
    {
      "module": "module.eks",
      "mode": "managed",
      "type": "aws_iam_instance_profile",
      "name": "workers",
      "provider": "provider[\"registry.terraform.io/hashicorp/aws\"]",
      "instances": [
        {
          "index_key": 0,
          "schema_version": 0,
          "attributes": {
            "arn": "arn:aws:iam::339713165548:instance-profile/hp-udd-prod2024111504480837780000000a",
            "create_date": "2024-11-15T04:48:08Z",
            "id": "hp-udd-prod2024111504480837780000000a",
            "name": "hp-udd-prod2024111504480837780000000a",
            "name_prefix": "hp-udd-prod",
            "path": "/",
            "role": "hp-udd-prod20241115044806332900000006",
            "tags": {
              "KubernetesCluster": "hp-udd-prod",
              "kubernetes.io/cluster/hp-udd-prod": "owned"
            },
            "tags_all": {
              "KubernetesCluster": "hp-udd-prod",
              "kubernetes.io/cluster/hp-udd-prod": "owned"
            },
            "unique_id": "AIPAU6GD3RDWMYUBFYU6S"
          },
          "sensitive_attributes": [],
          "private": "bnVsbA==",
          "dependencies": [
            "module.eks.aws_cloudwatch_log_group.this",
            "module.eks.aws_eks_cluster.this",
            "module.eks.aws_iam_role.cluster",
            "module.eks.aws_iam_role.workers",
            "module.eks.aws_iam_role_policy_attachment.cluster_AmazonEKSClusterPolicy",
            "module.eks.aws_iam_role_policy_attachment.cluster_AmazonEKSServicePolicy",
            "module.eks.aws_iam_role_policy_attachment.cluster_AmazonEKSVPCResourceControllerPolicy",
            "module.eks.aws_security_group.cluster",
            "module.eks.aws_security_group.workers",
            "module.eks.aws_security_group_rule.cluster_egress_internet",
            "module.eks.aws_security_group_rule.cluster_https_worker_ingress",
            "module.eks.data.aws_iam_policy_document.cluster_assume_role_policy",
            "module.eks.data.aws_iam_policy_document.workers_assume_role_policy",
            "module.eks.data.aws_iam_role.custom_cluster_iam_role",
            "module.eks.data.aws_partition.current",
            "module.network.aws_subnet.private_subnet",
            "module.network.aws_subnet.public_subnet",
            "module.network.aws_vpc.vpc"
          ],
          "create_before_destroy": true
        }
      ]
    },
    {
      "module": "module.eks",
      "mode": "managed",
      "type": "aws_iam_policy",
      "name": "cluster_deny_log_group",
      "provider": "provider[\"registry.terraform.io/hashicorp/aws\"]",
      "instances": [
        {
          "index_key": 0,
          "schema_version": 0,
          "attributes": {
            "arn": "arn:aws:iam::339713165548:policy/hp-udd-prod-deny-log-group20241115043118556000000002",
            "attachment_count": 1,
            "description": "Deny CreateLogGroup",
            "id": "arn:aws:iam::339713165548:policy/hp-udd-prod-deny-log-group20241115043118556000000002",
            "name": "hp-udd-prod-deny-log-group20241115043118556000000002",
            "name_prefix": "hp-udd-prod-deny-log-group",
            "path": "/",
            "policy": "{\"Statement\":[{\"Action\":\"logs:CreateLogGroup\",\"Effect\":\"Deny\",\"Resource\":\"*\"}],\"Version\":\"2012-10-17\"}",
            "policy_id": "ANPAU6GD3RDWOYJUQTC2V",
            "tags": {
              "KubernetesCluster": "hp-udd-prod",
              "kubernetes.io/cluster/hp-udd-prod": "owned"
            },
            "tags_all": {
              "KubernetesCluster": "hp-udd-prod",
              "kubernetes.io/cluster/hp-udd-prod": "owned"
            }
          },
          "sensitive_attributes": [],
          "private": "bnVsbA==",
          "dependencies": [
            "module.eks.data.aws_iam_policy_document.cluster_deny_log_group"
          ]
        }
      ]
    },
    {
      "module": "module.eks",
      "mode": "managed",
      "type": "aws_iam_policy",
      "name": "cluster_elb_sl_role_creation",
      "provider": "provider[\"registry.terraform.io/hashicorp/aws\"]",
      "instances": [
        {
          "index_key": 0,
          "schema_version": 0,
          "attributes": {
            "arn": "arn:aws:iam::339713165548:policy/hp-udd-prod-elb-sl-role-creation2024111504312914320000000f",
            "attachment_count": 1,
            "description": "Permissions for EKS to create AWSServiceRoleForElasticLoadBalancing service-linked role",
            "id": "arn:aws:iam::339713165548:policy/hp-udd-prod-elb-sl-role-creation2024111504312914320000000f",
            "name": "hp-udd-prod-elb-sl-role-creation2024111504312914320000000f",
            "name_prefix": "hp-udd-prod-elb-sl-role-creation",
            "path": "/",
            "policy": "{\"Statement\":[{\"Action\":[\"ec2:DescribeInternetGateways\",\"ec2:DescribeAddresses\",\"ec2:DescribeAccountAttributes\"],\"Effect\":\"Allow\",\"Resource\":\"*\"}],\"Version\":\"2012-10-17\"}",
            "policy_id": "ANPAU6GD3RDWEDSOKJFKI",
            "tags": {
              "KubernetesCluster": "hp-udd-prod",
              "kubernetes.io/cluster/hp-udd-prod": "owned"
            },
            "tags_all": {
              "KubernetesCluster": "hp-udd-prod",
              "kubernetes.io/cluster/hp-udd-prod": "owned"
            }
          },
          "sensitive_attributes": [],
          "private": "bnVsbA==",
          "dependencies": [
            "module.eks.data.aws_iam_policy_document.cluster_elb_sl_role_creation"
          ]
        }
      ]
    },
    {
      "module": "module.eks",
      "mode": "managed",
      "type": "aws_iam_role",
      "name": "cluster",
      "provider": "provider[\"registry.terraform.io/hashicorp/aws\"]",
      "instances": [
        {
          "index_key": 0,
          "schema_version": 0,
          "attributes": {
            "arn": "arn:aws:iam::339713165548:role/hp-udd-prod20241115043118557000000004",
            "assume_role_policy": "{\"Statement\":[{\"Action\":\"sts:AssumeRole\",\"Effect\":\"Allow\",\"Principal\":{\"Service\":\"eks.amazonaws.com\"},\"Sid\":\"EKSClusterAssumeRole\"}],\"Version\":\"2012-10-17\"}",
            "create_date": "2024-11-15T04:31:19Z",
            "description": "",
            "force_detach_policies": true,
            "id": "hp-udd-prod20241115043118557000000004",
            "inline_policy": [],
            "managed_policy_arns": [
              "arn:aws:iam::339713165548:policy/hp-udd-prod-deny-log-group20241115043118556000000002",
              "arn:aws:iam::339713165548:policy/hp-udd-prod-elb-sl-role-creation2024111504312914320000000f",
              "arn:aws:iam::aws:policy/AmazonEKSClusterPolicy",
              "arn:aws:iam::aws:policy/AmazonEKSServicePolicy",
              "arn:aws:iam::aws:policy/AmazonEKSVPCResourceController"
            ],
            "max_session_duration": 3600,
            "name": "hp-udd-prod20241115043118557000000004",
            "name_prefix": "hp-udd-prod",
            "path": "/",
            "permissions_boundary": "",
            "tags": {
              "KubernetesCluster": "hp-udd-prod",
              "kubernetes.io/cluster/hp-udd-prod": "owned"
            },
            "tags_all": {
              "KubernetesCluster": "hp-udd-prod",
              "kubernetes.io/cluster/hp-udd-prod": "owned"
            },
            "unique_id": "AROAU6GD3RDWDNGKD5JWH"
          },
          "sensitive_attributes": [],
          "private": "bnVsbA==",
          "dependencies": [
            "module.eks.data.aws_iam_policy_document.cluster_assume_role_policy"
          ],
          "create_before_destroy": true
        }
      ]
    },
    {
      "module": "module.eks",
      "mode": "managed",
      "type": "aws_iam_role",
      "name": "workers",
      "provider": "provider[\"registry.terraform.io/hashicorp/aws\"]",
      "instances": [
        {
          "index_key": 0,
          "schema_version": 0,
          "attributes": {
            "arn": "arn:aws:iam::339713165548:role/hp-udd-prod20241115044806332900000006",
            "assume_role_policy": "{\"Statement\":[{\"Action\":\"sts:AssumeRole\",\"Effect\":\"Allow\",\"Principal\":{\"Service\":\"ec2.amazonaws.com\"},\"Sid\":\"EKSWorkerAssumeRole\"}],\"Version\":\"2012-10-17\"}",
            "create_date": "2024-11-15T04:48:07Z",
            "description": "",
            "force_detach_policies": true,
            "id": "hp-udd-prod20241115044806332900000006",
            "inline_policy": [],
            "managed_policy_arns": [],
            "max_session_duration": 3600,
            "name": "hp-udd-prod20241115044806332900000006",
            "name_prefix": "hp-udd-prod",
            "path": "/",
            "permissions_boundary": "",
            "tags": {
              "KubernetesCluster": "hp-udd-prod",
              "kubernetes.io/cluster/hp-udd-prod": "owned"
            },
            "tags_all": {
              "KubernetesCluster": "hp-udd-prod",
              "kubernetes.io/cluster/hp-udd-prod": "owned"
            },
            "unique_id": "AROAU6GD3RDWBLGVGNFXC"
          },
          "sensitive_attributes": [],
          "private": "bnVsbA==",
          "dependencies": [
            "module.eks.aws_cloudwatch_log_group.this",
            "module.eks.aws_eks_cluster.this",
            "module.eks.aws_iam_role.cluster",
            "module.eks.aws_iam_role_policy_attachment.cluster_AmazonEKSClusterPolicy",
            "module.eks.aws_iam_role_policy_attachment.cluster_AmazonEKSServicePolicy",
            "module.eks.aws_iam_role_policy_attachment.cluster_AmazonEKSVPCResourceControllerPolicy",
            "module.eks.aws_security_group.cluster",
            "module.eks.aws_security_group.workers",
            "module.eks.aws_security_group_rule.cluster_egress_internet",
            "module.eks.aws_security_group_rule.cluster_https_worker_ingress",
            "module.eks.data.aws_iam_policy_document.cluster_assume_role_policy",
            "module.eks.data.aws_iam_policy_document.workers_assume_role_policy",
            "module.eks.data.aws_iam_role.custom_cluster_iam_role",
            "module.eks.data.aws_partition.current",
            "module.network.aws_subnet.private_subnet",
            "module.network.aws_subnet.public_subnet",
            "module.network.aws_vpc.vpc"
          ],
          "create_before_destroy": true
        }
      ]
    },
    {
      "module": "module.eks",
      "mode": "managed",
      "type": "aws_iam_role_policy_attachment",
      "name": "cluster_AmazonEKSClusterPolicy",
      "provider": "provider[\"registry.terraform.io/hashicorp/aws\"]",
      "instances": [
        {
          "index_key": 0,
          "schema_version": 0,
          "attributes": {
            "id": "hp-udd-prod20241115043118557000000004-20241115043129758100000012",
            "policy_arn": "arn:aws:iam::aws:policy/AmazonEKSClusterPolicy",
            "role": "hp-udd-prod20241115043118557000000004"
          },
          "sensitive_attributes": [],
          "private": "bnVsbA==",
          "dependencies": [
            "module.eks.aws_iam_role.cluster",
            "module.eks.data.aws_iam_policy_document.cluster_assume_role_policy",
            "module.eks.data.aws_partition.current"
          ],
          "create_before_destroy": true
        }
      ]
    },
    {
      "module": "module.eks",
      "mode": "managed",
      "type": "aws_iam_role_policy_attachment",
      "name": "cluster_AmazonEKSServicePolicy",
      "provider": "provider[\"registry.terraform.io/hashicorp/aws\"]",
      "instances": [
        {
          "index_key": 0,
          "schema_version": 0,
          "attributes": {
            "id": "hp-udd-prod20241115043118557000000004-20241115043129992900000013",
            "policy_arn": "arn:aws:iam::aws:policy/AmazonEKSServicePolicy",
            "role": "hp-udd-prod20241115043118557000000004"
          },
          "sensitive_attributes": [],
          "private": "bnVsbA==",
          "dependencies": [
            "module.eks.aws_iam_role.cluster",
            "module.eks.data.aws_iam_policy_document.cluster_assume_role_policy",
            "module.eks.data.aws_partition.current"
          ],
          "create_before_destroy": true
        }
      ]
    },
    {
      "module": "module.eks",
      "mode": "managed",
      "type": "aws_iam_role_policy_attachment",
      "name": "cluster_AmazonEKSVPCResourceControllerPolicy",
      "provider": "provider[\"registry.terraform.io/hashicorp/aws\"]",
      "instances": [
        {
          "index_key": 0,
          "schema_version": 0,
          "attributes": {
            "id": "hp-udd-prod20241115043118557000000004-20241115043129451500000010",
            "policy_arn": "arn:aws:iam::aws:policy/AmazonEKSVPCResourceController",
            "role": "hp-udd-prod20241115043118557000000004"
          },
          "sensitive_attributes": [],
          "private": "bnVsbA==",
          "dependencies": [
            "module.eks.aws_iam_role.cluster",
            "module.eks.data.aws_iam_policy_document.cluster_assume_role_policy",
            "module.eks.data.aws_partition.current"
          ],
          "create_before_destroy": true
        }
      ]
    },
    {
      "module": "module.eks",
      "mode": "managed",
      "type": "aws_iam_role_policy_attachment",
      "name": "cluster_deny_log_group",
      "provider": "provider[\"registry.terraform.io/hashicorp/aws\"]",
      "instances": [
        {
          "index_key": 0,
          "schema_version": 0,
          "attributes": {
            "id": "hp-udd-prod20241115043118557000000004-20241115043129718500000011",
            "policy_arn": "arn:aws:iam::339713165548:policy/hp-udd-prod-deny-log-group20241115043118556000000002",
            "role": "hp-udd-prod20241115043118557000000004"
          },
          "sensitive_attributes": [],
          "private": "bnVsbA==",
          "dependencies": [
            "module.eks.aws_iam_policy.cluster_deny_log_group",
            "module.eks.aws_iam_role.cluster",
            "module.eks.data.aws_iam_policy_document.cluster_assume_role_policy",
            "module.eks.data.aws_iam_policy_document.cluster_deny_log_group"
          ]
        }
      ]
    },
    {
      "module": "module.eks",
      "mode": "managed",
      "type": "aws_iam_role_policy_attachment",
      "name": "cluster_elb_sl_role_creation",
      "provider": "provider[\"registry.terraform.io/hashicorp/aws\"]",
      "instances": [
        {
          "index_key": 0,
          "schema_version": 0,
          "attributes": {
            "id": "hp-udd-prod20241115043118557000000004-20241115043130538100000014",
            "policy_arn": "arn:aws:iam::339713165548:policy/hp-udd-prod-elb-sl-role-creation2024111504312914320000000f",
            "role": "hp-udd-prod20241115043118557000000004"
          },
          "sensitive_attributes": [],
          "private": "bnVsbA==",
          "dependencies": [
            "module.eks.aws_iam_policy.cluster_elb_sl_role_creation",
            "module.eks.aws_iam_role.cluster",
            "module.eks.data.aws_iam_policy_document.cluster_assume_role_policy",
            "module.eks.data.aws_iam_policy_document.cluster_elb_sl_role_creation"
          ]
        }
      ]
    },
    {
      "module": "module.eks",
      "mode": "managed",
      "type": "aws_iam_role_policy_attachment",
      "name": "workers_AmazonEC2ContainerRegistryReadOnly",
      "provider": "provider[\"registry.terraform.io/hashicorp/aws\"]",
      "instances": [
        {
          "index_key": 0,
          "schema_version": 0,
          "attributes": {
            "id": "hp-udd-prod20241115044806332900000006-2024111504480865120000000d",
            "policy_arn": "arn:aws:iam::aws:policy/AmazonEC2ContainerRegistryReadOnly",
            "role": "hp-udd-prod20241115044806332900000006"
          },
          "sensitive_attributes": [],
          "private": "bnVsbA==",
          "dependencies": [
            "module.eks.aws_cloudwatch_log_group.this",
            "module.eks.aws_eks_cluster.this",
            "module.eks.aws_iam_role.cluster",
            "module.eks.aws_iam_role.workers",
            "module.eks.aws_iam_role_policy_attachment.cluster_AmazonEKSClusterPolicy",
            "module.eks.aws_iam_role_policy_attachment.cluster_AmazonEKSServicePolicy",
            "module.eks.aws_iam_role_policy_attachment.cluster_AmazonEKSVPCResourceControllerPolicy",
            "module.eks.aws_security_group.cluster",
            "module.eks.aws_security_group.workers",
            "module.eks.aws_security_group_rule.cluster_egress_internet",
            "module.eks.aws_security_group_rule.cluster_https_worker_ingress",
            "module.eks.data.aws_iam_policy_document.cluster_assume_role_policy",
            "module.eks.data.aws_iam_policy_document.workers_assume_role_policy",
            "module.eks.data.aws_iam_role.custom_cluster_iam_role",
            "module.eks.data.aws_partition.current",
            "module.network.aws_subnet.private_subnet",
            "module.network.aws_subnet.public_subnet",
            "module.network.aws_vpc.vpc"
          ],
          "create_before_destroy": true
        }
      ]
    },
    {
      "module": "module.eks",
      "mode": "managed",
      "type": "aws_iam_role_policy_attachment",
      "name": "workers_AmazonEKSWorkerNodePolicy",
      "provider": "provider[\"registry.terraform.io/hashicorp/aws\"]",
      "instances": [
        {
          "index_key": 0,
          "schema_version": 0,
          "attributes": {
            "id": "hp-udd-prod20241115044806332900000006-2024111504480863100000000b",
            "policy_arn": "arn:aws:iam::aws:policy/AmazonEKSWorkerNodePolicy",
            "role": "hp-udd-prod20241115044806332900000006"
          },
          "sensitive_attributes": [],
          "private": "bnVsbA==",
          "dependencies": [
            "module.eks.aws_cloudwatch_log_group.this",
            "module.eks.aws_eks_cluster.this",
            "module.eks.aws_iam_role.cluster",
            "module.eks.aws_iam_role.workers",
            "module.eks.aws_iam_role_policy_attachment.cluster_AmazonEKSClusterPolicy",
            "module.eks.aws_iam_role_policy_attachment.cluster_AmazonEKSServicePolicy",
            "module.eks.aws_iam_role_policy_attachment.cluster_AmazonEKSVPCResourceControllerPolicy",
            "module.eks.aws_security_group.cluster",
            "module.eks.aws_security_group.workers",
            "module.eks.aws_security_group_rule.cluster_egress_internet",
            "module.eks.aws_security_group_rule.cluster_https_worker_ingress",
            "module.eks.data.aws_iam_policy_document.cluster_assume_role_policy",
            "module.eks.data.aws_iam_policy_document.workers_assume_role_policy",
            "module.eks.data.aws_iam_role.custom_cluster_iam_role",
            "module.eks.data.aws_partition.current",
            "module.network.aws_subnet.private_subnet",
            "module.network.aws_subnet.public_subnet",
            "module.network.aws_vpc.vpc"
          ],
          "create_before_destroy": true
        }
      ]
    },
    {
      "module": "module.eks",
      "mode": "managed",
      "type": "aws_iam_role_policy_attachment",
      "name": "workers_AmazonEKS_CNI_Policy",
      "provider": "provider[\"registry.terraform.io/hashicorp/aws\"]",
      "instances": [
        {
          "index_key": 0,
          "schema_version": 0,
          "attributes": {
            "id": "hp-udd-prod20241115044806332900000006-2024111504480864700000000c",
            "policy_arn": "arn:aws:iam::aws:policy/AmazonEKS_CNI_Policy",
            "role": "hp-udd-prod20241115044806332900000006"
          },
          "sensitive_attributes": [],
          "private": "bnVsbA==",
          "dependencies": [
            "module.eks.aws_cloudwatch_log_group.this",
            "module.eks.aws_eks_cluster.this",
            "module.eks.aws_iam_role.cluster",
            "module.eks.aws_iam_role.workers",
            "module.eks.aws_iam_role_policy_attachment.cluster_AmazonEKSClusterPolicy",
            "module.eks.aws_iam_role_policy_attachment.cluster_AmazonEKSServicePolicy",
            "module.eks.aws_iam_role_policy_attachment.cluster_AmazonEKSVPCResourceControllerPolicy",
            "module.eks.aws_security_group.cluster",
            "module.eks.aws_security_group.workers",
            "module.eks.aws_security_group_rule.cluster_egress_internet",
            "module.eks.aws_security_group_rule.cluster_https_worker_ingress",
            "module.eks.data.aws_iam_policy_document.cluster_assume_role_policy",
            "module.eks.data.aws_iam_policy_document.workers_assume_role_policy",
            "module.eks.data.aws_iam_role.custom_cluster_iam_role",
            "module.eks.data.aws_partition.current",
            "module.network.aws_subnet.private_subnet",
            "module.network.aws_subnet.public_subnet",
            "module.network.aws_vpc.vpc"
          ],
          "create_before_destroy": true
        }
      ]
    },
    {
      "module": "module.eks",
      "mode": "managed",
      "type": "aws_launch_configuration",
      "name": "workers",
      "provider": "provider[\"registry.terraform.io/hashicorp/aws\"]",
      "instances": [
        {
          "index_key": 0,
          "schema_version": 0,
          "attributes": {
            "arn": "arn:aws:autoscaling:ap-south-1:339713165548:launchConfiguration:7cd50dfc-fb57-4b64-b188-f6ebd1ef82f6:launchConfigurationName/hp-udd-prod-spot20241115044815757200000010",
            "associate_public_ip_address": false,
            "ebs_block_device": [],
            "ebs_optimized": true,
            "enable_monitoring": true,
            "ephemeral_block_device": [],
            "iam_instance_profile": "hp-udd-prod2024111504480837780000000a",
            "id": "hp-udd-prod-spot20241115044815757200000010",
            "image_id": "ami-0a82b544ef71a207d",
            "instance_type": "r5ad.large",
            "key_name": "",
            "metadata_options": [
              {
                "http_endpoint": "enabled",
                "http_put_response_hop_limit": 1,
                "http_tokens": "optional"
              }
            ],
            "name": "hp-udd-prod-spot20241115044815757200000010",
            "name_prefix": "hp-udd-prod-spot",
            "placement_tenancy": "",
            "root_block_device": [
              {
                "delete_on_termination": true,
                "encrypted": false,
                "iops": 0,
                "throughput": 0,
                "volume_size": 100,
                "volume_type": "gp2"
              }
            ],
            "security_groups": [
              "sg-081bcbf2ff0fb616c"
            ],
            "spot_price": "",
            "user_data": null,
            "user_data_base64": "IyEvYmluL2Jhc2ggLWUNCg0KIyBBbGxvdyB1c2VyIHN1cHBsaWVkIHByZSB1c2VyZGF0YSBjb2RlDQoNCg0KIyBCb290c3RyYXAgYW5kIGpvaW4gdGhlIGNsdXN0ZXINCi9ldGMvZWtzL2Jvb3RzdHJhcC5zaCAtLWI2NC1jbHVzdGVyLWNhICdMUzB0TFMxQ1JVZEpUaUJEUlZKVVNVWkpRMEZVUlMwdExTMHRDazFKU1VSQ1ZFTkRRV1V5WjBGM1NVSkJaMGxKVEd4SFJXZzROVEJzUzBsM1JGRlpTa3R2V2tsb2RtTk9RVkZGVEVKUlFYZEdWRVZVVFVKRlIwRXhWVVVLUVhoTlMyRXpWbWxhV0VwMVdsaFNiR042UVdWR2R6QjVUa1JGZUUxVVZYZE9SRTAxVGtSV1lVWjNNSHBPUkVWNFRWUk5kMDVFVVRCT1JGWmhUVUpWZUFwRmVrRlNRbWRPVmtKQlRWUkRiWFF4V1cxV2VXSnRWakJhV0UxM1oyZEZhVTFCTUVkRFUzRkhVMGxpTTBSUlJVSkJVVlZCUVRSSlFrUjNRWGRuWjBWTENrRnZTVUpCVVVSUGVYaFNPV1Z3YVdweFIxUXJNM0ZFV21KUVJXWkJlWGswV0hFeFpWaEVkV0Z3TVhKMVkyZFFjVTlRVTFoQk1sRklSWGxZZUVVdk1qSUtWVmt2V0RSNWNqQnlOMUp6V0cwdlZtUjNUa0ZOY0RObWNsTmxielJhUkhKak5HWkxZVVZtTjJacVpXcGhWRzFWZW1OMFYxVndiMnBrTURFeGNYQklhUXBWYzBST1RrZzNWbHBuYmtaWGRuaDRRbUV2Y1hkUFNIUXdSR3B2ZDBWV2QwNDBXazlpVjBVeVltVk5RbUpUWjBKVWFYaEdlVGRQUTA5cGVuRlNjemsxQ21oc04xTmFXa05LVFdNemJXRm5NME5SVWs5aWFHWlllRkZHZFVadlltNDBWWE4wYkcwMU0wWXhOM2t6TUZKcVpFMWthR2hRTW5vMGNsaFVWME5pVDBZS0x6ZDVXRmx1VUc5NFRFa3dSRWhSVmxndmVVMDBaekJZZGxoc1RUUkVWMFpXU21wd1MyRTRjVVZWWTBwcFdVNXBiakV2TkhOM2VVRkNOMU5zSzBsTVV3cGxOM1JLVGxwSlYzSTNNVGRVVkVSWVRWYzVTVmRPZWpobk5rOXNRV2ROUWtGQlIycFhWRUpZVFVFMFIwRXhWV1JFZDBWQ0wzZFJSVUYzU1VOd1JFRlFDa0puVGxaSVVrMUNRV1k0UlVKVVFVUkJVVWd2VFVJd1IwRXhWV1JFWjFGWFFrSlNTM2szUjJjNE5EbHZiSEZVWmprMlVsTnJjVlpHVlUxRWRFVjZRVllLUW1kT1ZraFNSVVZFYWtGTloyZHdjbVJYU214amJUVnNaRWRXZWsxQk1FZERVM0ZIVTBsaU0wUlJSVUpEZDFWQlFUUkpRa0ZSUVhWamNFNU5SM1Y0TndwVWRUWnFhQzlVZGtreldUUmhRM1pLTlRjNVdqVklNMnhVYldWU2IwNXpSR1JwUVc5dVpWRjNXSEpEWlRaaFpHNWpZazUwYVRaaVdEWTFSWGhNVDJacENrOTZkVXRHVUhOS1JqVllObVJsYzFGb1dtNVNTM2N5ZEhCYVFVTmtiMDB5WW1FeVVFaGlTbWhwZFRGa1JHRnlkR1UzWnpkM1ZXaFZXWEJSTTNvM2VWWUtVMnhVVG1rNGRGcExXSFJqWTNVMVdVSnlSREZpYkhOUk1HOUNkRlExWm14Nk1FOXZaVzVRZVdzMVQxUnRURWxXWmpVMWJ6TnhXRUpFYWtneWMwRlRXZ29yTTJaUVprWkVhbHA0TWxkc1JVMTJlRkZPYlRGQmRYTnlMMmw0VTFZNEszRjRWRUU1UjJwbGVDOXZhVm96UTFSUFowOHpja0lyYVdoemJFUnNjMFZ0Q210MFozcGxPWFIyY0c1RGVHdFZPRlZNTkRORmJsbFJhbkp6VVRoNWVUQnFXbVJSY0hsV2NGSjNVWFJuVWxsYVIwazFSbmh2TDAxbmFGUnNNbTE0VWxrS1NTdDNWMmxIUlhWdFF6VjBDaTB0TFMwdFJVNUVJRU5GVWxSSlJrbERRVlJGTFMwdExTMEsnIC0tYXBpc2VydmVyLWVuZHBvaW50ICdodHRwczovL0JGQ0M4NkVERUVDMzVBMjREN0E2MTFENjRDNTgxQzAzLnlsNC5hcC1zb3V0aC0xLmVrcy5hbWF6b25hd3MuY29tJyAgLS1rdWJlbGV0LWV4dHJhLWFyZ3MgIi0tbm9kZS1sYWJlbHM9bm9kZS5rdWJlcm5ldGVzLmlvL2xpZmVjeWNsZT1zcG90IiAnaHAtdWRkLXByb2QnDQoNCiMgQWxsb3cgdXNlciBzdXBwbGllZCB1c2VyZGF0YSBjb2RlDQoNCg=="
          },
          "sensitive_attributes": [],
          "private": "bnVsbA==",
          "dependencies": [
            "module.eks.aws_cloudwatch_log_group.this",
            "module.eks.aws_eks_cluster.this",
            "module.eks.aws_iam_instance_profile.workers",
            "module.eks.aws_iam_role.cluster",
            "module.eks.aws_iam_role.workers",
            "module.eks.aws_iam_role_policy_attachment.cluster_AmazonEKSClusterPolicy",
            "module.eks.aws_iam_role_policy_attachment.cluster_AmazonEKSServicePolicy",
            "module.eks.aws_iam_role_policy_attachment.cluster_AmazonEKSVPCResourceControllerPolicy",
            "module.eks.aws_iam_role_policy_attachment.workers_AmazonEC2ContainerRegistryReadOnly",
            "module.eks.aws_iam_role_policy_attachment.workers_AmazonEKSWorkerNodePolicy",
            "module.eks.aws_iam_role_policy_attachment.workers_AmazonEKS_CNI_Policy",
            "module.eks.aws_iam_role_policy_attachment.workers_additional_policies",
            "module.eks.aws_security_group.cluster",
            "module.eks.aws_security_group.workers",
            "module.eks.aws_security_group_rule.cluster_egress_internet",
            "module.eks.aws_security_group_rule.cluster_https_worker_ingress",
            "module.eks.aws_security_group_rule.cluster_primary_ingress_workers",
            "module.eks.aws_security_group_rule.workers_egress_internet",
            "module.eks.aws_security_group_rule.workers_ingress_cluster",
            "module.eks.aws_security_group_rule.workers_ingress_cluster_https",
            "module.eks.aws_security_group_rule.workers_ingress_cluster_kubelet",
            "module.eks.aws_security_group_rule.workers_ingress_cluster_primary",
            "module.eks.aws_security_group_rule.workers_ingress_self",
            "module.eks.data.aws_ami.eks_worker",
            "module.eks.data.aws_ami.eks_worker_windows",
            "module.eks.data.aws_iam_instance_profile.custom_worker_group_iam_instance_profile",
            "module.eks.data.aws_iam_policy_document.cluster_assume_role_policy",
            "module.eks.data.aws_iam_policy_document.workers_assume_role_policy",
            "module.eks.data.aws_iam_role.custom_cluster_iam_role",
            "module.eks.data.aws_partition.current",
            "module.network.aws_subnet.private_subnet",
            "module.network.aws_subnet.public_subnet",
            "module.network.aws_vpc.vpc"
          ],
          "create_before_destroy": true
        }
      ]
    },
    {
      "module": "module.eks",
      "mode": "managed",
      "type": "aws_security_group",
      "name": "cluster",
      "provider": "provider[\"registry.terraform.io/hashicorp/aws\"]",
      "instances": [
        {
          "index_key": 0,
          "schema_version": 1,
          "attributes": {
            "arn": "arn:aws:ec2:ap-south-1:339713165548:security-group/sg-093323a1da47049f1",
            "description": "EKS cluster security group.",
            "egress": [],
            "id": "sg-093323a1da47049f1",
            "ingress": [],
            "name": "hp-udd-prod20241115044038466400000002",
            "name_prefix": "hp-udd-prod",
            "owner_id": "339713165548",
            "revoke_rules_on_delete": false,
            "tags": {
              "KubernetesCluster": "hp-udd-prod",
              "Name": "hp-udd-prod-eks_cluster_sg",
              "kubernetes.io/cluster/hp-udd-prod": "owned"
            },
            "tags_all": {
              "KubernetesCluster": "hp-udd-prod",
              "Name": "hp-udd-prod-eks_cluster_sg",
              "kubernetes.io/cluster/hp-udd-prod": "owned"
            },
            "timeouts": null,
            "vpc_id": "vpc-01a46576852d5b10f"
          },
          "sensitive_attributes": [],
          "private": "eyJlMmJmYjczMC1lY2FhLTExZTYtOGY4OC0zNDM2M2JjN2M0YzAiOnsiY3JlYXRlIjo2MDAwMDAwMDAwMDAsImRlbGV0ZSI6OTAwMDAwMDAwMDAwfSwic2NoZW1hX3ZlcnNpb24iOiIxIn0=",
          "dependencies": [
            "module.network.aws_vpc.vpc"
          ],
          "create_before_destroy": true
        }
      ]
    },
    {
      "module": "module.eks",
      "mode": "managed",
      "type": "aws_security_group",
      "name": "workers",
      "provider": "provider[\"registry.terraform.io/hashicorp/aws\"]",
      "instances": [
        {
          "index_key": 0,
          "schema_version": 1,
          "attributes": {
            "arn": "arn:aws:ec2:ap-south-1:339713165548:security-group/sg-081bcbf2ff0fb616c",
            "description": "Security group for all nodes in the cluster.",
            "egress": [],
            "id": "sg-081bcbf2ff0fb616c",
            "ingress": [],
            "name": "hp-udd-prod20241115044038465500000001",
            "name_prefix": "hp-udd-prod",
            "owner_id": "339713165548",
            "revoke_rules_on_delete": false,
            "tags": {
              "KubernetesCluster": "hp-udd-prod",
              "Name": "hp-udd-prod-eks_worker_sg",
              "kubernetes.io/cluster/hp-udd-prod": "owned"
            },
            "tags_all": {
              "KubernetesCluster": "hp-udd-prod",
              "Name": "hp-udd-prod-eks_worker_sg",
              "kubernetes.io/cluster/hp-udd-prod": "owned"
            },
            "timeouts": null,
            "vpc_id": "vpc-01a46576852d5b10f"
          },
          "sensitive_attributes": [],
          "private": "eyJlMmJmYjczMC1lY2FhLTExZTYtOGY4OC0zNDM2M2JjN2M0YzAiOnsiY3JlYXRlIjo2MDAwMDAwMDAwMDAsImRlbGV0ZSI6OTAwMDAwMDAwMDAwfSwic2NoZW1hX3ZlcnNpb24iOiIxIn0=",
          "dependencies": [
            "module.network.aws_vpc.vpc"
          ],
          "create_before_destroy": true
        }
      ]
    },
    {
      "module": "module.eks",
      "mode": "managed",
      "type": "aws_security_group_rule",
      "name": "cluster_egress_internet",
      "provider": "provider[\"registry.terraform.io/hashicorp/aws\"]",
      "instances": [
        {
          "index_key": 0,
          "schema_version": 2,
          "attributes": {
            "cidr_blocks": [
              "0.0.0.0/0"
            ],
            "description": "Allow cluster egress access to the Internet.",
            "from_port": 0,
            "id": "sgrule-757251068",
            "ipv6_cidr_blocks": null,
            "prefix_list_ids": null,
            "protocol": "-1",
            "security_group_id": "sg-093323a1da47049f1",
            "security_group_rule_id": "sgr-047cd14b28a1108b9",
            "self": false,
            "source_security_group_id": null,
            "timeouts": null,
            "to_port": 0,
            "type": "egress"
          },
          "sensitive_attributes": [],
          "private": "eyJlMmJmYjczMC1lY2FhLTExZTYtOGY4OC0zNDM2M2JjN2M0YzAiOnsiY3JlYXRlIjozMDAwMDAwMDAwMDB9LCJzY2hlbWFfdmVyc2lvbiI6IjIifQ==",
          "dependencies": [
            "module.eks.aws_security_group.cluster",
            "module.network.aws_vpc.vpc"
          ],
          "create_before_destroy": true
        }
      ]
    },
    {
      "module": "module.eks",
      "mode": "managed",
      "type": "aws_security_group_rule",
      "name": "cluster_https_worker_ingress",
      "provider": "provider[\"registry.terraform.io/hashicorp/aws\"]",
      "instances": [
        {
          "index_key": 0,
          "schema_version": 2,
          "attributes": {
            "cidr_blocks": null,
            "description": "Allow pods to communicate with the EKS cluster API.",
            "from_port": 443,
            "id": "sgrule-76999706",
            "ipv6_cidr_blocks": null,
            "prefix_list_ids": null,
            "protocol": "tcp",
            "security_group_id": "sg-093323a1da47049f1",
            "security_group_rule_id": "sgr-0f0dbe11b914f530d",
            "self": false,
            "source_security_group_id": "sg-081bcbf2ff0fb616c",
            "timeouts": null,
            "to_port": 443,
            "type": "ingress"
          },
          "sensitive_attributes": [],
          "private": "eyJlMmJmYjczMC1lY2FhLTExZTYtOGY4OC0zNDM2M2JjN2M0YzAiOnsiY3JlYXRlIjozMDAwMDAwMDAwMDB9LCJzY2hlbWFfdmVyc2lvbiI6IjIifQ==",
          "dependencies": [
            "module.eks.aws_security_group.cluster",
            "module.eks.aws_security_group.workers",
            "module.network.aws_vpc.vpc"
          ],
          "create_before_destroy": true
        }
      ]
    },
    {
      "module": "module.eks",
      "mode": "managed",
      "type": "aws_security_group_rule",
      "name": "workers_egress_internet",
      "provider": "provider[\"registry.terraform.io/hashicorp/aws\"]",
      "instances": [
        {
          "index_key": 0,
          "schema_version": 2,
          "attributes": {
            "cidr_blocks": [
              "0.0.0.0/0"
            ],
            "description": "Allow nodes all egress to the Internet.",
            "from_port": 0,
            "id": "sgrule-1422631393",
            "ipv6_cidr_blocks": null,
            "prefix_list_ids": null,
            "protocol": "-1",
            "security_group_id": "sg-081bcbf2ff0fb616c",
            "security_group_rule_id": "sgr-02382bb49084eee6e",
            "self": false,
            "source_security_group_id": null,
            "timeouts": null,
            "to_port": 0,
            "type": "egress"
          },
          "sensitive_attributes": [],
          "private": "eyJlMmJmYjczMC1lY2FhLTExZTYtOGY4OC0zNDM2M2JjN2M0YzAiOnsiY3JlYXRlIjozMDAwMDAwMDAwMDB9LCJzY2hlbWFfdmVyc2lvbiI6IjIifQ==",
          "dependencies": [
            "module.eks.aws_security_group.workers",
            "module.network.aws_vpc.vpc"
          ],
          "create_before_destroy": true
        }
      ]
    },
    {
      "module": "module.eks",
      "mode": "managed",
      "type": "aws_security_group_rule",
      "name": "workers_ingress_cluster",
      "provider": "provider[\"registry.terraform.io/hashicorp/aws\"]",
      "instances": [
        {
          "index_key": 0,
          "schema_version": 2,
          "attributes": {
            "cidr_blocks": null,
            "description": "Allow workers pods to receive communication from the cluster control plane.",
            "from_port": 1025,
            "id": "sgrule-879572590",
            "ipv6_cidr_blocks": null,
            "prefix_list_ids": null,
            "protocol": "tcp",
            "security_group_id": "sg-081bcbf2ff0fb616c",
            "security_group_rule_id": "sgr-009100e28a7b5de99",
            "self": false,
            "source_security_group_id": "sg-093323a1da47049f1",
            "timeouts": null,
            "to_port": 65535,
            "type": "ingress"
          },
          "sensitive_attributes": [],
          "private": "eyJlMmJmYjczMC1lY2FhLTExZTYtOGY4OC0zNDM2M2JjN2M0YzAiOnsiY3JlYXRlIjozMDAwMDAwMDAwMDB9LCJzY2hlbWFfdmVyc2lvbiI6IjIifQ==",
          "dependencies": [
            "module.eks.aws_security_group.cluster",
            "module.eks.aws_security_group.workers",
            "module.network.aws_vpc.vpc"
          ],
          "create_before_destroy": true
        }
      ]
    },
    {
      "module": "module.eks",
      "mode": "managed",
      "type": "aws_security_group_rule",
      "name": "workers_ingress_cluster_https",
      "provider": "provider[\"registry.terraform.io/hashicorp/aws\"]",
      "instances": [
        {
          "index_key": 0,
          "schema_version": 2,
          "attributes": {
            "cidr_blocks": null,
            "description": "Allow pods running extension API servers on port 443 to receive communication from cluster control plane.",
            "from_port": 443,
            "id": "sgrule-1955532636",
            "ipv6_cidr_blocks": null,
            "prefix_list_ids": null,
            "protocol": "tcp",
            "security_group_id": "sg-081bcbf2ff0fb616c",
            "security_group_rule_id": "sgr-0890501e112bb084e",
            "self": false,
            "source_security_group_id": "sg-093323a1da47049f1",
            "timeouts": null,
            "to_port": 443,
            "type": "ingress"
          },
          "sensitive_attributes": [],
          "private": "eyJlMmJmYjczMC1lY2FhLTExZTYtOGY4OC0zNDM2M2JjN2M0YzAiOnsiY3JlYXRlIjozMDAwMDAwMDAwMDB9LCJzY2hlbWFfdmVyc2lvbiI6IjIifQ==",
          "dependencies": [
            "module.eks.aws_security_group.cluster",
            "module.eks.aws_security_group.workers",
            "module.network.aws_vpc.vpc"
          ],
          "create_before_destroy": true
        }
      ]
    },
    {
      "module": "module.eks",
      "mode": "managed",
      "type": "aws_security_group_rule",
      "name": "workers_ingress_self",
      "provider": "provider[\"registry.terraform.io/hashicorp/aws\"]",
      "instances": [
        {
          "index_key": 0,
          "schema_version": 2,
          "attributes": {
            "cidr_blocks": null,
            "description": "Allow node to communicate with each other.",
            "from_port": 0,
            "id": "sgrule-1659192094",
            "ipv6_cidr_blocks": null,
            "prefix_list_ids": null,
            "protocol": "-1",
            "security_group_id": "sg-081bcbf2ff0fb616c",
            "security_group_rule_id": "sgr-08e9e821384bfb32f",
            "self": false,
            "source_security_group_id": "sg-081bcbf2ff0fb616c",
            "timeouts": null,
            "to_port": 65535,
            "type": "ingress"
          },
          "sensitive_attributes": [],
          "private": "eyJlMmJmYjczMC1lY2FhLTExZTYtOGY4OC0zNDM2M2JjN2M0YzAiOnsiY3JlYXRlIjozMDAwMDAwMDAwMDB9LCJzY2hlbWFfdmVyc2lvbiI6IjIifQ==",
          "dependencies": [
            "module.eks.aws_security_group.workers",
            "module.network.aws_vpc.vpc"
          ],
          "create_before_destroy": true
        }
      ]
    },
    {
      "module": "module.eks",
      "mode": "managed",
      "type": "kubernetes_config_map",
      "name": "aws_auth",
      "provider": "provider[\"registry.terraform.io/hashicorp/kubernetes\"]",
      "instances": [
        {
          "index_key": 0,
          "schema_version": 0,
          "attributes": {
            "binary_data": null,
            "data": {
              "mapAccounts": "[]\n",
              "mapRoles": "- \"groups\":\n  - \"system:bootstrappers\"\n  - \"system:nodes\"\n  \"rolearn\": \"arn:aws:iam::339713165548:role/hp-udd-prod20241115044806332900000006\"\n  \"username\": \"system:node:{{EC2PrivateDNSName}}\"\n",
              "mapUsers": "[]\n"
            },
            "id": "kube-system/aws-auth",
            "immutable": false,
            "metadata": [
              {
                "annotations": null,
                "generate_name": "",
                "generation": 0,
                "labels": {
                  "app.kubernetes.io/managed-by": "Terraform",
                  "terraform.io/module": "terraform-aws-modules.eks.aws"
                },
                "name": "aws-auth",
                "namespace": "kube-system",
                "resource_version": "841",
                "uid": "332dc6d7-bcba-4341-871e-ac552bab5960"
              }
            ]
          },
          "sensitive_attributes": [],
          "private": "bnVsbA==",
          "dependencies": [
            "data.aws_eks_cluster.cluster",
            "data.aws_eks_cluster_auth.cluster",
            "module.eks.aws_cloudwatch_log_group.this",
            "module.eks.aws_eks_cluster.this",
            "module.eks.aws_iam_instance_profile.workers",
            "module.eks.aws_iam_instance_profile.workers_launch_template",
            "module.eks.aws_iam_role.cluster",
            "module.eks.aws_iam_role.workers",
            "module.eks.aws_iam_role_policy_attachment.cluster_AmazonEKSClusterPolicy",
            "module.eks.aws_iam_role_policy_attachment.cluster_AmazonEKSServicePolicy",
            "module.eks.aws_iam_role_policy_attachment.cluster_AmazonEKSVPCResourceControllerPolicy",
            "module.eks.aws_iam_role_policy_attachment.workers_AmazonEC2ContainerRegistryReadOnly",
            "module.eks.aws_iam_role_policy_attachment.workers_AmazonEKSWorkerNodePolicy",
            "module.eks.aws_iam_role_policy_attachment.workers_AmazonEKS_CNI_Policy",
            "module.eks.aws_security_group.cluster",
            "module.eks.aws_security_group.workers",
            "module.eks.aws_security_group_rule.cluster_egress_internet",
            "module.eks.aws_security_group_rule.cluster_https_worker_ingress",
            "module.eks.aws_security_group_rule.cluster_private_access_cidrs_source",
            "module.eks.aws_security_group_rule.cluster_private_access_sg_source",
            "module.eks.data.aws_ami.eks_worker",
            "module.eks.data.aws_ami.eks_worker_windows",
            "module.eks.data.aws_caller_identity.current",
            "module.eks.data.aws_iam_instance_profile.custom_worker_group_iam_instance_profile",
            "module.eks.data.aws_iam_instance_profile.custom_worker_group_launch_template_iam_instance_profile",
            "module.eks.data.aws_iam_policy_document.cluster_assume_role_policy",
            "module.eks.data.aws_iam_policy_document.workers_assume_role_policy",
            "module.eks.data.aws_iam_role.custom_cluster_iam_role",
            "module.eks.data.aws_partition.current",
            "module.eks.data.http.wait_for_cluster",
            "module.eks.module.fargate.aws_iam_role.eks_fargate_pod",
            "module.eks.module.fargate.data.aws_iam_policy_document.eks_fargate_pod_assume_role",
            "module.eks.module.fargate.data.aws_iam_role.custom_fargate_iam_role",
            "module.network.aws_subnet.private_subnet",
            "module.network.aws_subnet.public_subnet",
            "module.network.aws_vpc.vpc"
          ]
        }
      ]
    },
    {
      "module": "module.eks",
      "mode": "managed",
      "type": "local_file",
      "name": "kubeconfig",
      "provider": "provider[\"registry.terraform.io/hashicorp/local\"]",
      "instances": [
        {
          "index_key": 0,
          "schema_version": 0,
          "attributes": {
            "content": "apiVersion: v1\r\npreferences: {}\r\nkind: Config\r\n\r\nclusters:\r\n- cluster:\r\n    server: https://BFCC86EDEEC35A24D7A611D64C581C03.yl4.ap-south-1.eks.amazonaws.com\r\n    certificate-authority-data: LS0tLS1CRUdJTiBDRVJUSUZJQ0FURS0tLS0tCk1JSURCVENDQWUyZ0F3SUJBZ0lJTGxHRWg4NTBsS0l3RFFZSktvWklodmNOQVFFTEJRQXdGVEVUTUJFR0ExVUUKQXhNS2EzVmlaWEp1WlhSbGN6QWVGdzB5TkRFeE1UVXdORE01TkRWYUZ3MHpOREV4TVRNd05EUTBORFZhTUJVeApFekFSQmdOVkJBTVRDbXQxWW1WeWJtVjBaWE13Z2dFaU1BMEdDU3FHU0liM0RRRUJBUVVBQTRJQkR3QXdnZ0VLCkFvSUJBUURPeXhSOWVwaWpxR1QrM3FEWmJQRWZBeXk0WHExZVhEdWFwMXJ1Y2dQcU9QU1hBMlFIRXlYeEUvMjIKVVkvWDR5cjByN1JzWG0vVmR3TkFNcDNmclNlbzRaRHJjNGZLYUVmN2ZqZWphVG1VemN0V1Vwb2pkMDExcXBIaQpVc0ROTkg3VlpnbkZXdnh4QmEvcXdPSHQwRGpvd0VWd040Wk9iV0UyYmVNQmJTZ0JUaXhGeTdPQ09penFSczk1CmhsN1NaWkNKTWMzbWFnM0NRUk9iaGZYeFFGdUZvYm40VXN0bG01M0YxN3kzMFJqZE1kaGhQMno0clhUV0NiT0YKLzd5WFluUG94TEkwREhRVlgveU00ZzBYdlhsTTREV0ZWSmpwS2E4cUVVY0ppWU5pbjEvNHN3eUFCN1NsK0lMUwplN3RKTlpJV3I3MTdUVERYTVc5SVdOejhnNk9sQWdNQkFBR2pXVEJYTUE0R0ExVWREd0VCL3dRRUF3SUNwREFQCkJnTlZIUk1CQWY4RUJUQURBUUgvTUIwR0ExVWREZ1FXQkJSS3k3R2c4NDlvbHFUZjk2UlNrcVZGVU1EdEV6QVYKQmdOVkhSRUVEakFNZ2dwcmRXSmxjbTVsZEdWek1BMEdDU3FHU0liM0RRRUJDd1VBQTRJQkFRQXVjcE5NR3V4NwpUdTZqaC9UdkkzWTRhQ3ZKNTc5WjVIM2xUbWVSb05zRGRpQW9uZVF3WHJDZTZhZG5jYk50aTZiWDY1RXhMT2ZpCk96dUtGUHNKRjVYNmRlc1FoWm5SS3cydHBaQUNkb00yYmEyUEhiSmhpdTFkRGFydGU3Zzd3VWhVWXBRM3o3eVYKU2xUTmk4dFpLWHRjY3U1WUJyRDFibHNRMG9CdFQ1Zmx6ME9vZW5QeWs1T1RtTElWZjU1bzNxWEJEakgyc0FTWgorM2ZQZkZEalp4MldsRU12eFFObTFBdXNyL2l4U1Y4K3F4VEE5R2pleC9vaVozQ1RPZ08zckIraWhzbERsc0VtCmt0Z3plOXR2cG5DeGtVOFVMNDNFbllRanJzUTh5eTBqWmRRcHlWcFJ3UXRnUllaR0k1RnhvL01naFRsMm14UlkKSSt3V2lHRXVtQzV0Ci0tLS0tRU5EIENFUlRJRklDQVRFLS0tLS0K\r\n  name: eks_hp-udd-prod\r\n\r\ncontexts:\r\n- context:\r\n    cluster: eks_hp-udd-prod\r\n    user: eks_hp-udd-prod\r\n  name: eks_hp-udd-prod\r\n\r\ncurrent-context: eks_hp-udd-prod\r\n\r\nusers:\r\n- name: eks_hp-udd-prod\r\n  user:\r\n    exec:\r\n      apiVersion: client.authentication.k8s.io/v1alpha1\r\n      command: aws-iam-authenticator\r\n      args:\r\n        - \"token\"\r\n        - \"-i\"\r\n        - \"hp-udd-prod\"\r\n",
            "content_base64": null,
            "content_base64sha256": "tJerHe5v7oZEp6PWTwKv4tG+G4zfZQ/uZL1PjRW5wuc=",
            "content_base64sha512": "llN4L6YZBfhrTi6r8T9d3nF8Tdfcvsh5POLWmB4KwyMrWbvD16DlKiK/VqmH4kUhKQHrn3zTr2S0oYHATKTmKg==",
            "content_md5": "a862c5dfb51891cf285ca3cd159ccdfc",
            "content_sha1": "8cb4e699d96ad0ae7fd0ecf640c23f0a61ea5df2",
            "content_sha256": "b497ab1dee6fee8644a7a3d64f02afe2d1be1b8cdf650fee64bd4f8d15b9c2e7",
            "content_sha512": "9653782fa61905f86b4e2eabf13f5dde717c4dd7dcbec8793ce2d6981e0ac3232b59bbc3d7a0e52a22bf56a987e245212901eb9f7cd3af64b4a181c04ca4e62a",
            "directory_permission": "0755",
            "file_permission": "0600",
            "filename": "./kubeconfig_hp-udd-prod",
            "id": "8cb4e699d96ad0ae7fd0ecf640c23f0a61ea5df2",
            "sensitive_content": null,
            "source": null
          },
          "sensitive_attributes": [
            [
              {
                "type": "get_attr",
                "value": "sensitive_content"
              }
            ]
          ],
          "dependencies": [
            "module.eks.aws_cloudwatch_log_group.this",
            "module.eks.aws_eks_cluster.this",
            "module.eks.aws_iam_role.cluster",
            "module.eks.aws_iam_role_policy_attachment.cluster_AmazonEKSClusterPolicy",
            "module.eks.aws_iam_role_policy_attachment.cluster_AmazonEKSServicePolicy",
            "module.eks.aws_iam_role_policy_attachment.cluster_AmazonEKSVPCResourceControllerPolicy",
            "module.eks.aws_security_group.cluster",
            "module.eks.aws_security_group.workers",
            "module.eks.aws_security_group_rule.cluster_egress_internet",
            "module.eks.aws_security_group_rule.cluster_https_worker_ingress",
            "module.eks.data.aws_iam_policy_document.cluster_assume_role_policy",
            "module.eks.data.aws_iam_role.custom_cluster_iam_role",
            "module.eks.data.aws_partition.current",
            "module.network.aws_subnet.private_subnet",
            "module.network.aws_subnet.public_subnet",
            "module.network.aws_vpc.vpc"
          ]
        }
      ]
    },
    {
      "module": "module.eks.module.fargate",
      "mode": "data",
      "type": "aws_partition",
      "name": "current",
      "provider": "provider[\"registry.terraform.io/hashicorp/aws\"]",
      "instances": [
        {
          "schema_version": 0,
          "attributes": {
            "dns_suffix": "amazonaws.com",
            "id": "aws",
            "partition": "aws",
            "reverse_dns_prefix": "com.amazonaws"
          },
          "sensitive_attributes": []
        }
      ]
    },
    {
      "module": "module.es-data-v1",
      "mode": "managed",
      "type": "aws_ebs_volume",
      "name": "vol",
      "provider": "provider[\"registry.terraform.io/hashicorp/aws\"]",
      "instances": [
        {
          "index_key": 0,
          "schema_version": 0,
          "attributes": {
            "arn": "arn:aws:ec2:ap-south-1:339713165548:volume/vol-000a4d289c8d29d25",
            "availability_zone": "ap-south-1b",
            "encrypted": false,
            "final_snapshot": false,
            "id": "vol-000a4d289c8d29d25",
            "iops": 100,
            "kms_key_id": "",
            "multi_attach_enabled": false,
            "outpost_arn": "",
            "size": 25,
            "snapshot_id": "",
            "tags": {
              "KubernetesCluster": "hp-udd-prod",
              "Name": "es-data-v1-0"
            },
            "tags_all": {
              "KubernetesCluster": "hp-udd-prod",
              "Name": "es-data-v1-0"
            },
            "throughput": 0,
            "timeouts": null,
            "type": "gp2"
          },
          "sensitive_attributes": [],
          "private": "eyJlMmJmYjczMC1lY2FhLTExZTYtOGY4OC0zNDM2M2JjN2M0YzAiOnsiY3JlYXRlIjozMDAwMDAwMDAwMDAsImRlbGV0ZSI6NjAwMDAwMDAwMDAwLCJ1cGRhdGUiOjMwMDAwMDAwMDAwMH19"
        },
        {
          "index_key": 1,
          "schema_version": 0,
          "attributes": {
            "arn": "arn:aws:ec2:ap-south-1:339713165548:volume/vol-0be84bdc55714b994",
            "availability_zone": "ap-south-1b",
            "encrypted": false,
            "final_snapshot": false,
            "id": "vol-0be84bdc55714b994",
            "iops": 100,
            "kms_key_id": "",
            "multi_attach_enabled": false,
            "outpost_arn": "",
            "size": 25,
            "snapshot_id": "",
            "tags": {
              "KubernetesCluster": "hp-udd-prod",
              "Name": "es-data-v1-1"
            },
            "tags_all": {
              "KubernetesCluster": "hp-udd-prod",
              "Name": "es-data-v1-1"
            },
            "throughput": 0,
            "timeouts": null,
            "type": "gp2"
          },
          "sensitive_attributes": [],
          "private": "eyJlMmJmYjczMC1lY2FhLTExZTYtOGY4OC0zNDM2M2JjN2M0YzAiOnsiY3JlYXRlIjozMDAwMDAwMDAwMDAsImRlbGV0ZSI6NjAwMDAwMDAwMDAwLCJ1cGRhdGUiOjMwMDAwMDAwMDAwMH19"
        },
        {
          "index_key": 2,
          "schema_version": 0,
          "attributes": {
            "arn": "arn:aws:ec2:ap-south-1:339713165548:volume/vol-0f5dbd36b473d6a6c",
            "availability_zone": "ap-south-1b",
            "encrypted": false,
            "final_snapshot": false,
            "id": "vol-0f5dbd36b473d6a6c",
            "iops": 100,
            "kms_key_id": "",
            "multi_attach_enabled": false,
            "outpost_arn": "",
            "size": 25,
            "snapshot_id": "",
            "tags": {
              "KubernetesCluster": "hp-udd-prod",
              "Name": "es-data-v1-2"
            },
            "tags_all": {
              "KubernetesCluster": "hp-udd-prod",
              "Name": "es-data-v1-2"
            },
            "throughput": 0,
            "timeouts": null,
            "type": "gp2"
          },
          "sensitive_attributes": [],
          "private": "eyJlMmJmYjczMC1lY2FhLTExZTYtOGY4OC0zNDM2M2JjN2M0YzAiOnsiY3JlYXRlIjozMDAwMDAwMDAwMDAsImRlbGV0ZSI6NjAwMDAwMDAwMDAwLCJ1cGRhdGUiOjMwMDAwMDAwMDAwMH19"
        }
      ]
    },
    {
      "module": "module.es-master",
      "mode": "managed",
      "type": "aws_ebs_volume",
      "name": "vol",
      "provider": "provider[\"registry.terraform.io/hashicorp/aws\"]",
      "instances": [
        {
          "index_key": 0,
          "schema_version": 0,
          "attributes": {
            "arn": "arn:aws:ec2:ap-south-1:339713165548:volume/vol-001c892474a1a90f5",
            "availability_zone": "ap-south-1b",
            "encrypted": false,
            "final_snapshot": false,
            "id": "vol-001c892474a1a90f5",
            "iops": 100,
            "kms_key_id": "",
            "multi_attach_enabled": false,
            "outpost_arn": "",
            "size": 2,
            "snapshot_id": "",
            "tags": {
              "KubernetesCluster": "hp-udd-prod",
              "Name": "es-master-0"
            },
            "tags_all": {
              "KubernetesCluster": "hp-udd-prod",
              "Name": "es-master-0"
            },
            "throughput": 0,
            "timeouts": null,
            "type": "gp2"
          },
          "sensitive_attributes": [],
          "private": "eyJlMmJmYjczMC1lY2FhLTExZTYtOGY4OC0zNDM2M2JjN2M0YzAiOnsiY3JlYXRlIjozMDAwMDAwMDAwMDAsImRlbGV0ZSI6NjAwMDAwMDAwMDAwLCJ1cGRhdGUiOjMwMDAwMDAwMDAwMH19"
        },
        {
          "index_key": 1,
          "schema_version": 0,
          "attributes": {
            "arn": "arn:aws:ec2:ap-south-1:339713165548:volume/vol-0c7697f0e895e5719",
            "availability_zone": "ap-south-1b",
            "encrypted": false,
            "final_snapshot": false,
            "id": "vol-0c7697f0e895e5719",
            "iops": 100,
            "kms_key_id": "",
            "multi_attach_enabled": false,
            "outpost_arn": "",
            "size": 2,
            "snapshot_id": "",
            "tags": {
              "KubernetesCluster": "hp-udd-prod",
              "Name": "es-master-1"
            },
            "tags_all": {
              "KubernetesCluster": "hp-udd-prod",
              "Name": "es-master-1"
            },
            "throughput": 0,
            "timeouts": null,
            "type": "gp2"
          },
          "sensitive_attributes": [],
          "private": "eyJlMmJmYjczMC1lY2FhLTExZTYtOGY4OC0zNDM2M2JjN2M0YzAiOnsiY3JlYXRlIjozMDAwMDAwMDAwMDAsImRlbGV0ZSI6NjAwMDAwMDAwMDAwLCJ1cGRhdGUiOjMwMDAwMDAwMDAwMH19"
        },
        {
          "index_key": 2,
          "schema_version": 0,
          "attributes": {
            "arn": "arn:aws:ec2:ap-south-1:339713165548:volume/vol-0ef83e2857c0a6409",
            "availability_zone": "ap-south-1b",
            "encrypted": false,
            "final_snapshot": false,
            "id": "vol-0ef83e2857c0a6409",
            "iops": 100,
            "kms_key_id": "",
            "multi_attach_enabled": false,
            "outpost_arn": "",
            "size": 2,
            "snapshot_id": "",
            "tags": {
              "KubernetesCluster": "hp-udd-prod",
              "Name": "es-master-2"
            },
            "tags_all": {
              "KubernetesCluster": "hp-udd-prod",
              "Name": "es-master-2"
            },
            "throughput": 0,
            "timeouts": null,
            "type": "gp2"
          },
          "sensitive_attributes": [],
          "private": "eyJlMmJmYjczMC1lY2FhLTExZTYtOGY4OC0zNDM2M2JjN2M0YzAiOnsiY3JlYXRlIjozMDAwMDAwMDAwMDAsImRlbGV0ZSI6NjAwMDAwMDAwMDAwLCJ1cGRhdGUiOjMwMDAwMDAwMDAwMH19"
        }
      ]
    },
    {
      "module": "module.kafka",
      "mode": "managed",
      "type": "aws_ebs_volume",
      "name": "vol",
      "provider": "provider[\"registry.terraform.io/hashicorp/aws\"]",
      "instances": [
        {
          "index_key": 0,
          "schema_version": 0,
          "attributes": {
            "arn": "arn:aws:ec2:ap-south-1:339713165548:volume/vol-0583fe8fbf0e15807",
            "availability_zone": "ap-south-1b",
            "encrypted": false,
            "final_snapshot": false,
            "id": "vol-0583fe8fbf0e15807",
            "iops": 150,
            "kms_key_id": "",
            "multi_attach_enabled": false,
            "outpost_arn": "",
            "size": 50,
            "snapshot_id": "",
            "tags": {
              "KubernetesCluster": "hp-udd-prod",
              "Name": "kafka-0"
            },
            "tags_all": {
              "KubernetesCluster": "hp-udd-prod",
              "Name": "kafka-0"
            },
            "throughput": 0,
            "timeouts": null,
            "type": "gp2"
          },
          "sensitive_attributes": [],
          "private": "eyJlMmJmYjczMC1lY2FhLTExZTYtOGY4OC0zNDM2M2JjN2M0YzAiOnsiY3JlYXRlIjozMDAwMDAwMDAwMDAsImRlbGV0ZSI6NjAwMDAwMDAwMDAwLCJ1cGRhdGUiOjMwMDAwMDAwMDAwMH19"
        },
        {
          "index_key": 1,
          "schema_version": 0,
          "attributes": {
            "arn": "arn:aws:ec2:ap-south-1:339713165548:volume/vol-0d18774736689665b",
            "availability_zone": "ap-south-1b",
            "encrypted": false,
            "final_snapshot": false,
            "id": "vol-0d18774736689665b",
            "iops": 150,
            "kms_key_id": "",
            "multi_attach_enabled": false,
            "outpost_arn": "",
            "size": 50,
            "snapshot_id": "",
            "tags": {
              "KubernetesCluster": "hp-udd-prod",
              "Name": "kafka-1"
            },
            "tags_all": {
              "KubernetesCluster": "hp-udd-prod",
              "Name": "kafka-1"
            },
            "throughput": 0,
            "timeouts": null,
            "type": "gp2"
          },
          "sensitive_attributes": [],
          "private": "eyJlMmJmYjczMC1lY2FhLTExZTYtOGY4OC0zNDM2M2JjN2M0YzAiOnsiY3JlYXRlIjozMDAwMDAwMDAwMDAsImRlbGV0ZSI6NjAwMDAwMDAwMDAwLCJ1cGRhdGUiOjMwMDAwMDAwMDAwMH19"
        },
        {
          "index_key": 2,
          "schema_version": 0,
          "attributes": {
            "arn": "arn:aws:ec2:ap-south-1:339713165548:volume/vol-08ad6988ff20f5365",
            "availability_zone": "ap-south-1b",
            "encrypted": false,
            "final_snapshot": false,
            "id": "vol-08ad6988ff20f5365",
            "iops": 150,
            "kms_key_id": "",
            "multi_attach_enabled": false,
            "outpost_arn": "",
            "size": 50,
            "snapshot_id": "",
            "tags": {
              "KubernetesCluster": "hp-udd-prod",
              "Name": "kafka-2"
            },
            "tags_all": {
              "KubernetesCluster": "hp-udd-prod",
              "Name": "kafka-2"
            },
            "throughput": 0,
            "timeouts": null,
            "type": "gp2"
          },
          "sensitive_attributes": [],
          "private": "eyJlMmJmYjczMC1lY2FhLTExZTYtOGY4OC0zNDM2M2JjN2M0YzAiOnsiY3JlYXRlIjozMDAwMDAwMDAwMDAsImRlbGV0ZSI6NjAwMDAwMDAwMDAwLCJ1cGRhdGUiOjMwMDAwMDAwMDAwMH19"
        }
      ]
    },
    {
      "module": "module.network",
      "mode": "managed",
      "type": "aws_eip",
      "name": "eip",
      "provider": "provider[\"registry.terraform.io/hashicorp/aws\"]",
      "instances": [
        {
          "schema_version": 0,
          "attributes": {
            "address": null,
            "allocation_id": "eipalloc-031a8f5c129aa6d62",
            "arn": "arn:aws:ec2:ap-south-1:339713165548:elastic-ip/eipalloc-031a8f5c129aa6d62",
            "associate_with_private_ip": null,
            "association_id": "",
            "carrier_ip": "",
            "customer_owned_ip": "",
            "customer_owned_ipv4_pool": "",
            "domain": "vpc",
            "id": "eipalloc-031a8f5c129aa6d62",
            "instance": "",
            "ipam_pool_id": null,
            "network_border_group": "ap-south-1",
            "network_interface": "",
            "private_dns": null,
            "private_ip": "",
            "ptr_record": "",
            "public_dns": "ec2-13-203-35-17.ap-south-1.compute.amazonaws.com",
            "public_ip": "13.203.35.17",
            "public_ipv4_pool": "amazon",
            "tags": {
              "KubernetesCluster": "hp-udd-prod",
              "Name": "eip-hp-udd-prod",
              "kubernetes.io/cluster/hp-udd-prod": "shared"
            },
            "tags_all": {
              "KubernetesCluster": "hp-udd-prod",
              "Name": "eip-hp-udd-prod",
              "kubernetes.io/cluster/hp-udd-prod": "shared"
            },
            "timeouts": null,
            "vpc": true
          },
          "sensitive_attributes": [],
          "private": "eyJlMmJmYjczMC1lY2FhLTExZTYtOGY4OC0zNDM2M2JjN2M0YzAiOnsiZGVsZXRlIjoxODAwMDAwMDAwMDAsInJlYWQiOjkwMDAwMDAwMDAwMCwidXBkYXRlIjozMDAwMDAwMDAwMDB9fQ==",
          "dependencies": [
            "module.network.aws_internet_gateway.internet_gateway",
            "module.network.aws_vpc.vpc"
          ]
        }
      ]
    },
    {
      "module": "module.network",
      "mode": "managed",
      "type": "aws_internet_gateway",
      "name": "internet_gateway",
      "provider": "provider[\"registry.terraform.io/hashicorp/aws\"]",
      "instances": [
        {
          "schema_version": 0,
          "attributes": {
            "arn": "arn:aws:ec2:ap-south-1:339713165548:internet-gateway/igw-01182d04d2210408b",
            "id": "igw-01182d04d2210408b",
            "owner_id": "339713165548",
            "tags": {
              "KubernetesCluster": "hp-udd-prod",
              "Name": "hp-udd-prod",
              "kubernetes.io/cluster/hp-udd-prod": "shared"
            },
            "tags_all": {
              "KubernetesCluster": "hp-udd-prod",
              "Name": "hp-udd-prod",
              "kubernetes.io/cluster/hp-udd-prod": "shared"
            },
            "timeouts": null,
            "vpc_id": "vpc-01a46576852d5b10f"
          },
          "sensitive_attributes": [],
          "private": "eyJlMmJmYjczMC1lY2FhLTExZTYtOGY4OC0zNDM2M2JjN2M0YzAiOnsiY3JlYXRlIjoxMjAwMDAwMDAwMDAwLCJkZWxldGUiOjEyMDAwMDAwMDAwMDAsInVwZGF0ZSI6MTIwMDAwMDAwMDAwMH19",
          "dependencies": [
            "module.network.aws_vpc.vpc"
          ]
        }
      ]
    },
    {
      "module": "module.network",
      "mode": "managed",
      "type": "aws_nat_gateway",
      "name": "nat",
      "provider": "provider[\"registry.terraform.io/hashicorp/aws\"]",
      "instances": [
        {
          "schema_version": 0,
          "attributes": {
            "allocation_id": "eipalloc-031a8f5c129aa6d62",
            "association_id": "eipassoc-050ae7eca83eea344",
            "connectivity_type": "public",
            "id": "nat-0243410dc66f81f50",
            "network_interface_id": "eni-04005c825530c4264",
            "private_ip": "192.168.0.146",
            "public_ip": "13.203.35.17",
            "secondary_allocation_ids": null,
            "secondary_private_ip_address_count": 0,
            "secondary_private_ip_addresses": [],
            "subnet_id": "subnet-02d9b873c4971a9cc",
            "tags": {
              "KubernetesCluster": "hp-udd-prod",
              "Name": "nat-gw-hp-udd-prod",
              "kubernetes.io/cluster/hp-udd-prod": "shared"
            },
            "tags_all": {
              "KubernetesCluster": "hp-udd-prod",
              "Name": "nat-gw-hp-udd-prod",
              "kubernetes.io/cluster/hp-udd-prod": "shared"
            },
            "timeouts": null
          },
          "sensitive_attributes": [],
          "private": "eyJlMmJmYjczMC1lY2FhLTExZTYtOGY4OC0zNDM2M2JjN2M0YzAiOnsiY3JlYXRlIjo2MDAwMDAwMDAwMDAsImRlbGV0ZSI6MTgwMDAwMDAwMDAwMCwidXBkYXRlIjo2MDAwMDAwMDAwMDB9fQ==",
          "dependencies": [
            "module.network.aws_eip.eip",
            "module.network.aws_internet_gateway.internet_gateway",
            "module.network.aws_subnet.public_subnet",
            "module.network.aws_vpc.vpc"
          ]
        }
      ]
    },
    {
      "module": "module.network",
      "mode": "managed",
      "type": "aws_route_table",
      "name": "private_route_table",
      "provider": "provider[\"registry.terraform.io/hashicorp/aws\"]",
      "instances": [
        {
          "schema_version": 0,
          "attributes": {
            "arn": "arn:aws:ec2:ap-south-1:339713165548:route-table/rtb-036f601f89103a050",
            "id": "rtb-036f601f89103a050",
            "owner_id": "339713165548",
            "propagating_vgws": [],
            "route": [
              {
                "carrier_gateway_id": "",
                "cidr_block": "0.0.0.0/0",
                "core_network_arn": "",
                "destination_prefix_list_id": "",
                "egress_only_gateway_id": "",
                "gateway_id": "",
                "ipv6_cidr_block": "",
                "local_gateway_id": "",
                "nat_gateway_id": "nat-0243410dc66f81f50",
                "network_interface_id": "",
                "transit_gateway_id": "",
                "vpc_endpoint_id": "",
                "vpc_peering_connection_id": ""
              }
            ],
            "tags": {
              "KubernetesCluster": "hp-udd-prod",
              "Name": "private-hp-udd-prod-rtb",
              "kubernetes.io/cluster/hp-udd-prod": "shared"
            },
            "tags_all": {
              "KubernetesCluster": "hp-udd-prod",
              "Name": "private-hp-udd-prod-rtb",
              "kubernetes.io/cluster/hp-udd-prod": "shared"
            },
            "timeouts": null,
            "vpc_id": "vpc-01a46576852d5b10f"
          },
          "sensitive_attributes": [],
          "private": "eyJlMmJmYjczMC1lY2FhLTExZTYtOGY4OC0zNDM2M2JjN2M0YzAiOnsiY3JlYXRlIjozMDAwMDAwMDAwMDAsImRlbGV0ZSI6MzAwMDAwMDAwMDAwLCJ1cGRhdGUiOjEyMDAwMDAwMDAwMH19",
          "dependencies": [
            "module.network.aws_eip.eip",
            "module.network.aws_internet_gateway.internet_gateway",
            "module.network.aws_nat_gateway.nat",
            "module.network.aws_subnet.public_subnet",
            "module.network.aws_vpc.vpc"
          ]
        }
      ]
    },
    {
      "module": "module.network",
      "mode": "managed",
      "type": "aws_route_table",
      "name": "public_route_table",
      "provider": "provider[\"registry.terraform.io/hashicorp/aws\"]",
      "instances": [
        {
          "schema_version": 0,
          "attributes": {
            "arn": "arn:aws:ec2:ap-south-1:339713165548:route-table/rtb-0a0c9a21146160c07",
            "id": "rtb-0a0c9a21146160c07",
            "owner_id": "339713165548",
            "propagating_vgws": [],
            "route": [
              {
                "carrier_gateway_id": "",
                "cidr_block": "0.0.0.0/0",
                "core_network_arn": "",
                "destination_prefix_list_id": "",
                "egress_only_gateway_id": "",
                "gateway_id": "igw-01182d04d2210408b",
                "ipv6_cidr_block": "",
                "local_gateway_id": "",
                "nat_gateway_id": "",
                "network_interface_id": "",
                "transit_gateway_id": "",
                "vpc_endpoint_id": "",
                "vpc_peering_connection_id": ""
              }
            ],
            "tags": {
              "KubernetesCluster": "hp-udd-prod",
              "Name": "public-hp-udd-prod-rtb",
              "kubernetes.io/cluster/hp-udd-prod": "shared"
            },
            "tags_all": {
              "KubernetesCluster": "hp-udd-prod",
              "Name": "public-hp-udd-prod-rtb",
              "kubernetes.io/cluster/hp-udd-prod": "shared"
            },
            "timeouts": null,
            "vpc_id": "vpc-01a46576852d5b10f"
          },
          "sensitive_attributes": [],
          "private": "eyJlMmJmYjczMC1lY2FhLTExZTYtOGY4OC0zNDM2M2JjN2M0YzAiOnsiY3JlYXRlIjozMDAwMDAwMDAwMDAsImRlbGV0ZSI6MzAwMDAwMDAwMDAwLCJ1cGRhdGUiOjEyMDAwMDAwMDAwMH19",
          "dependencies": [
            "module.network.aws_internet_gateway.internet_gateway",
            "module.network.aws_vpc.vpc"
          ]
        }
      ]
    },
    {
      "module": "module.network",
      "mode": "managed",
      "type": "aws_route_table_association",
      "name": "private",
      "provider": "provider[\"registry.terraform.io/hashicorp/aws\"]",
      "instances": [
        {
          "index_key": 0,
          "schema_version": 0,
          "attributes": {
            "gateway_id": "",
            "id": "rtbassoc-0aae281ffe2f850f7",
            "route_table_id": "rtb-036f601f89103a050",
            "subnet_id": "subnet-06ab05fbfd378bbc0",
            "timeouts": null
          },
          "sensitive_attributes": [],
          "private": "eyJlMmJmYjczMC1lY2FhLTExZTYtOGY4OC0zNDM2M2JjN2M0YzAiOnsiY3JlYXRlIjozMDAwMDAwMDAwMDAsImRlbGV0ZSI6MzAwMDAwMDAwMDAwLCJ1cGRhdGUiOjEyMDAwMDAwMDAwMH19",
          "dependencies": [
            "module.network.aws_eip.eip",
            "module.network.aws_internet_gateway.internet_gateway",
            "module.network.aws_nat_gateway.nat",
            "module.network.aws_route_table.private_route_table",
            "module.network.aws_subnet.private_subnet",
            "module.network.aws_subnet.public_subnet",
            "module.network.aws_vpc.vpc"
          ]
        },
        {
          "index_key": 1,
          "schema_version": 0,
          "attributes": {
            "gateway_id": "",
            "id": "rtbassoc-06c14990dfe0e0bf4",
            "route_table_id": "rtb-036f601f89103a050",
            "subnet_id": "subnet-079384c6aa806aa50",
            "timeouts": null
          },
          "sensitive_attributes": [],
          "private": "eyJlMmJmYjczMC1lY2FhLTExZTYtOGY4OC0zNDM2M2JjN2M0YzAiOnsiY3JlYXRlIjozMDAwMDAwMDAwMDAsImRlbGV0ZSI6MzAwMDAwMDAwMDAwLCJ1cGRhdGUiOjEyMDAwMDAwMDAwMH19",
          "dependencies": [
            "module.network.aws_eip.eip",
            "module.network.aws_internet_gateway.internet_gateway",
            "module.network.aws_nat_gateway.nat",
            "module.network.aws_route_table.private_route_table",
            "module.network.aws_subnet.private_subnet",
            "module.network.aws_subnet.public_subnet",
            "module.network.aws_vpc.vpc"
          ]
        }
      ]
    },
    {
      "module": "module.network",
      "mode": "managed",
      "type": "aws_route_table_association",
      "name": "public",
      "provider": "provider[\"registry.terraform.io/hashicorp/aws\"]",
      "instances": [
        {
          "index_key": 0,
          "schema_version": 0,
          "attributes": {
            "gateway_id": "",
            "id": "rtbassoc-0661f4c7977883899",
            "route_table_id": "rtb-0a0c9a21146160c07",
            "subnet_id": "subnet-02d9b873c4971a9cc",
            "timeouts": null
          },
          "sensitive_attributes": [],
          "private": "eyJlMmJmYjczMC1lY2FhLTExZTYtOGY4OC0zNDM2M2JjN2M0YzAiOnsiY3JlYXRlIjozMDAwMDAwMDAwMDAsImRlbGV0ZSI6MzAwMDAwMDAwMDAwLCJ1cGRhdGUiOjEyMDAwMDAwMDAwMH19",
          "dependencies": [
            "module.network.aws_internet_gateway.internet_gateway",
            "module.network.aws_route_table.public_route_table",
            "module.network.aws_subnet.public_subnet",
            "module.network.aws_vpc.vpc"
          ]
        },
        {
          "index_key": 1,
          "schema_version": 0,
          "attributes": {
            "gateway_id": "",
            "id": "rtbassoc-07551e35943d51135",
            "route_table_id": "rtb-0a0c9a21146160c07",
            "subnet_id": "subnet-0eb925d892e6fffc2",
            "timeouts": null
          },
          "sensitive_attributes": [],
          "private": "eyJlMmJmYjczMC1lY2FhLTExZTYtOGY4OC0zNDM2M2JjN2M0YzAiOnsiY3JlYXRlIjozMDAwMDAwMDAwMDAsImRlbGV0ZSI6MzAwMDAwMDAwMDAwLCJ1cGRhdGUiOjEyMDAwMDAwMDAwMH19",
          "dependencies": [
            "module.network.aws_internet_gateway.internet_gateway",
            "module.network.aws_route_table.public_route_table",
            "module.network.aws_subnet.public_subnet",
            "module.network.aws_vpc.vpc"
          ]
        }
      ]
    },
    {
      "module": "module.network",
      "mode": "managed",
      "type": "aws_security_group",
      "name": "rds_db_sg",
      "provider": "provider[\"registry.terraform.io/hashicorp/aws\"]",
      "instances": [
        {
          "schema_version": 1,
          "attributes": {
            "arn": "arn:aws:ec2:ap-south-1:339713165548:security-group/sg-0b52893d7824b9fc9",
            "description": "RDS Database security group",
            "egress": [],
            "id": "sg-0b52893d7824b9fc9",
            "ingress": [],
            "name": "db-hp-udd-prod",
            "name_prefix": "",
            "owner_id": "339713165548",
            "revoke_rules_on_delete": false,
            "tags": {
              "Name": "db-hp-udd-prod"
            },
            "tags_all": {
              "Name": "db-hp-udd-prod"
            },
            "timeouts": null,
            "vpc_id": "vpc-01a46576852d5b10f"
          },
          "sensitive_attributes": [],
          "private": "eyJlMmJmYjczMC1lY2FhLTExZTYtOGY4OC0zNDM2M2JjN2M0YzAiOnsiY3JlYXRlIjo2MDAwMDAwMDAwMDAsImRlbGV0ZSI6OTAwMDAwMDAwMDAwfSwic2NoZW1hX3ZlcnNpb24iOiIxIn0=",
          "dependencies": [
            "module.network.aws_vpc.vpc"
          ]
        }
      ]
    },
    {
      "module": "module.network",
      "mode": "managed",
      "type": "aws_subnet",
      "name": "private_subnet",
      "provider": "provider[\"registry.terraform.io/hashicorp/aws\"]",
      "instances": [
        {
          "index_key": 0,
          "schema_version": 1,
          "attributes": {
            "arn": "arn:aws:ec2:ap-south-1:339713165548:subnet/subnet-06ab05fbfd378bbc0",
            "assign_ipv6_address_on_creation": false,
            "availability_zone": "ap-south-1b",
            "availability_zone_id": "aps1-az3",
            "cidr_block": "192.168.64.0/19",
            "customer_owned_ipv4_pool": "",
            "enable_dns64": false,
            "enable_lni_at_device_index": 0,
            "enable_resource_name_dns_a_record_on_launch": false,
            "enable_resource_name_dns_aaaa_record_on_launch": false,
            "id": "subnet-06ab05fbfd378bbc0",
            "ipv6_cidr_block": "",
            "ipv6_cidr_block_association_id": "",
            "ipv6_native": false,
            "map_customer_owned_ip_on_launch": false,
            "map_public_ip_on_launch": false,
            "outpost_arn": "",
            "owner_id": "339713165548",
            "private_dns_hostname_type_on_launch": "ip-name",
            "tags": {
              "KubernetesCluster": "hp-udd-prod",
              "Name": "ap-south-1b-hp-udd-prod",
              "SubnetType": "Private",
              "kubernetes.io/cluster/hp-udd-prod": "shared",
              "kubernetes.io/role/internal-elb": "1"
            },
            "tags_all": {
              "KubernetesCluster": "hp-udd-prod",
              "Name": "ap-south-1b-hp-udd-prod",
              "SubnetType": "Private",
              "kubernetes.io/cluster/hp-udd-prod": "shared",
              "kubernetes.io/role/internal-elb": "1"
            },
            "timeouts": null,
            "vpc_id": "vpc-01a46576852d5b10f"
          },
          "sensitive_attributes": [],
          "private": "eyJlMmJmYjczMC1lY2FhLTExZTYtOGY4OC0zNDM2M2JjN2M0YzAiOnsiY3JlYXRlIjo2MDAwMDAwMDAwMDAsImRlbGV0ZSI6MTIwMDAwMDAwMDAwMH0sInNjaGVtYV92ZXJzaW9uIjoiMSJ9",
          "dependencies": [
            "module.network.aws_vpc.vpc"
          ],
          "create_before_destroy": true
        },
        {
          "index_key": 1,
          "schema_version": 1,
          "attributes": {
            "arn": "arn:aws:ec2:ap-south-1:339713165548:subnet/subnet-079384c6aa806aa50",
            "assign_ipv6_address_on_creation": false,
            "availability_zone": "ap-south-1a",
            "availability_zone_id": "aps1-az1",
            "cidr_block": "192.168.96.0/19",
            "customer_owned_ipv4_pool": "",
            "enable_dns64": false,
            "enable_lni_at_device_index": 0,
            "enable_resource_name_dns_a_record_on_launch": false,
            "enable_resource_name_dns_aaaa_record_on_launch": false,
            "id": "subnet-079384c6aa806aa50",
            "ipv6_cidr_block": "",
            "ipv6_cidr_block_association_id": "",
            "ipv6_native": false,
            "map_customer_owned_ip_on_launch": false,
            "map_public_ip_on_launch": false,
            "outpost_arn": "",
            "owner_id": "339713165548",
            "private_dns_hostname_type_on_launch": "ip-name",
            "tags": {
              "KubernetesCluster": "hp-udd-prod",
              "Name": "ap-south-1a-hp-udd-prod",
              "SubnetType": "Private",
              "kubernetes.io/cluster/hp-udd-prod": "shared",
              "kubernetes.io/role/internal-elb": "1"
            },
            "tags_all": {
              "KubernetesCluster": "hp-udd-prod",
              "Name": "ap-south-1a-hp-udd-prod",
              "SubnetType": "Private",
              "kubernetes.io/cluster/hp-udd-prod": "shared",
              "kubernetes.io/role/internal-elb": "1"
            },
            "timeouts": null,
            "vpc_id": "vpc-01a46576852d5b10f"
          },
          "sensitive_attributes": [],
          "private": "eyJlMmJmYjczMC1lY2FhLTExZTYtOGY4OC0zNDM2M2JjN2M0YzAiOnsiY3JlYXRlIjo2MDAwMDAwMDAwMDAsImRlbGV0ZSI6MTIwMDAwMDAwMDAwMH0sInNjaGVtYV92ZXJzaW9uIjoiMSJ9",
          "dependencies": [
            "module.network.aws_vpc.vpc"
          ],
          "create_before_destroy": true
        }
      ]
    },
    {
      "module": "module.network",
      "mode": "managed",
      "type": "aws_subnet",
      "name": "public_subnet",
      "provider": "provider[\"registry.terraform.io/hashicorp/aws\"]",
      "instances": [
        {
          "index_key": 0,
          "schema_version": 1,
          "attributes": {
            "arn": "arn:aws:ec2:ap-south-1:339713165548:subnet/subnet-02d9b873c4971a9cc",
            "assign_ipv6_address_on_creation": false,
            "availability_zone": "ap-south-1b",
            "availability_zone_id": "aps1-az3",
            "cidr_block": "192.168.0.0/21",
            "customer_owned_ipv4_pool": "",
            "enable_dns64": false,
            "enable_lni_at_device_index": 0,
            "enable_resource_name_dns_a_record_on_launch": false,
            "enable_resource_name_dns_aaaa_record_on_launch": false,
            "id": "subnet-02d9b873c4971a9cc",
            "ipv6_cidr_block": "",
            "ipv6_cidr_block_association_id": "",
            "ipv6_native": false,
            "map_customer_owned_ip_on_launch": false,
            "map_public_ip_on_launch": false,
            "outpost_arn": "",
            "owner_id": "339713165548",
            "private_dns_hostname_type_on_launch": "ip-name",
            "tags": {
              "KubernetesCluster": "hp-udd-prod",
              "Name": "utility-ap-south-1b-hp-udd-prod",
              "SubnetType": "Utility",
              "kubernetes.io/cluster/hp-udd-prod": "shared",
              "kubernetes.io/role/elb": "1"
            },
            "tags_all": {
              "KubernetesCluster": "hp-udd-prod",
              "Name": "utility-ap-south-1b-hp-udd-prod",
              "SubnetType": "Utility",
              "kubernetes.io/cluster/hp-udd-prod": "shared",
              "kubernetes.io/role/elb": "1"
            },
            "timeouts": null,
            "vpc_id": "vpc-01a46576852d5b10f"
          },
          "sensitive_attributes": [],
          "private": "eyJlMmJmYjczMC1lY2FhLTExZTYtOGY4OC0zNDM2M2JjN2M0YzAiOnsiY3JlYXRlIjo2MDAwMDAwMDAwMDAsImRlbGV0ZSI6MTIwMDAwMDAwMDAwMH0sInNjaGVtYV92ZXJzaW9uIjoiMSJ9",
          "dependencies": [
            "module.network.aws_vpc.vpc"
          ],
          "create_before_destroy": true
        },
        {
          "index_key": 1,
          "schema_version": 1,
          "attributes": {
            "arn": "arn:aws:ec2:ap-south-1:339713165548:subnet/subnet-0eb925d892e6fffc2",
            "assign_ipv6_address_on_creation": false,
            "availability_zone": "ap-south-1a",
            "availability_zone_id": "aps1-az1",
            "cidr_block": "192.168.8.0/21",
            "customer_owned_ipv4_pool": "",
            "enable_dns64": false,
            "enable_lni_at_device_index": 0,
            "enable_resource_name_dns_a_record_on_launch": false,
            "enable_resource_name_dns_aaaa_record_on_launch": false,
            "id": "subnet-0eb925d892e6fffc2",
            "ipv6_cidr_block": "",
            "ipv6_cidr_block_association_id": "",
            "ipv6_native": false,
            "map_customer_owned_ip_on_launch": false,
            "map_public_ip_on_launch": false,
            "outpost_arn": "",
            "owner_id": "339713165548",
            "private_dns_hostname_type_on_launch": "ip-name",
            "tags": {
              "KubernetesCluster": "hp-udd-prod",
              "Name": "utility-ap-south-1a-hp-udd-prod",
              "SubnetType": "Utility",
              "kubernetes.io/cluster/hp-udd-prod": "shared",
              "kubernetes.io/role/elb": "1"
            },
            "tags_all": {
              "KubernetesCluster": "hp-udd-prod",
              "Name": "utility-ap-south-1a-hp-udd-prod",
              "SubnetType": "Utility",
              "kubernetes.io/cluster/hp-udd-prod": "shared",
              "kubernetes.io/role/elb": "1"
            },
            "timeouts": null,
            "vpc_id": "vpc-01a46576852d5b10f"
          },
          "sensitive_attributes": [],
          "private": "eyJlMmJmYjczMC1lY2FhLTExZTYtOGY4OC0zNDM2M2JjN2M0YzAiOnsiY3JlYXRlIjo2MDAwMDAwMDAwMDAsImRlbGV0ZSI6MTIwMDAwMDAwMDAwMH0sInNjaGVtYV92ZXJzaW9uIjoiMSJ9",
          "dependencies": [
            "module.network.aws_vpc.vpc"
          ],
          "create_before_destroy": true
        }
      ]
    },
    {
      "module": "module.network",
      "mode": "managed",
      "type": "aws_vpc",
      "name": "vpc",
      "provider": "provider[\"registry.terraform.io/hashicorp/aws\"]",
      "instances": [
        {
          "schema_version": 1,
          "attributes": {
            "arn": "arn:aws:ec2:ap-south-1:339713165548:vpc/vpc-01a46576852d5b10f",
            "assign_generated_ipv6_cidr_block": false,
            "cidr_block": "192.168.0.0/16",
            "default_network_acl_id": "acl-04dde89aa517b78cd",
            "default_route_table_id": "rtb-0e7e7065923c05b66",
            "default_security_group_id": "sg-0277d7fde10c00ffd",
            "dhcp_options_id": "dopt-04c8daf0e83ff01e1",
            "enable_dns_hostnames": true,
            "enable_dns_support": true,
            "enable_network_address_usage_metrics": false,
            "id": "vpc-01a46576852d5b10f",
            "instance_tenancy": "default",
            "ipv4_ipam_pool_id": null,
            "ipv4_netmask_length": null,
            "ipv6_association_id": "",
            "ipv6_cidr_block": "",
            "ipv6_cidr_block_network_border_group": "",
            "ipv6_ipam_pool_id": "",
            "ipv6_netmask_length": 0,
            "main_route_table_id": "rtb-0e7e7065923c05b66",
            "owner_id": "339713165548",
            "tags": {
              "Name": "hp-udd-prod",
              "kubernetes.io/cluster/hp-udd-prod": "shared"
            },
            "tags_all": {
              "Name": "hp-udd-prod",
              "kubernetes.io/cluster/hp-udd-prod": "shared"
            }
          },
          "sensitive_attributes": [],
          "private": "eyJzY2hlbWFfdmVyc2lvbiI6IjEifQ==",
          "create_before_destroy": true
        }
      ]
    },
    {
      "module": "module.zookeeper",
      "mode": "managed",
      "type": "aws_ebs_volume",
      "name": "vol",
      "provider": "provider[\"registry.terraform.io/hashicorp/aws\"]",
      "instances": [
        {
          "index_key": 0,
          "schema_version": 0,
          "attributes": {
            "arn": "arn:aws:ec2:ap-south-1:339713165548:volume/vol-08cff239bf2cfc6f3",
            "availability_zone": "ap-south-1b",
            "encrypted": false,
            "final_snapshot": false,
            "id": "vol-08cff239bf2cfc6f3",
            "iops": 100,
            "kms_key_id": "",
            "multi_attach_enabled": false,
            "outpost_arn": "",
            "size": 2,
            "snapshot_id": "",
            "tags": {
              "KubernetesCluster": "hp-udd-prod",
              "Name": "zookeeper-0"
            },
            "tags_all": {
              "KubernetesCluster": "hp-udd-prod",
              "Name": "zookeeper-0"
            },
            "throughput": 0,
            "timeouts": null,
            "type": "gp2"
          },
          "sensitive_attributes": [],
          "private": "eyJlMmJmYjczMC1lY2FhLTExZTYtOGY4OC0zNDM2M2JjN2M0YzAiOnsiY3JlYXRlIjozMDAwMDAwMDAwMDAsImRlbGV0ZSI6NjAwMDAwMDAwMDAwLCJ1cGRhdGUiOjMwMDAwMDAwMDAwMH19"
        },
        {
          "index_key": 1,
          "schema_version": 0,
          "attributes": {
            "arn": "arn:aws:ec2:ap-south-1:339713165548:volume/vol-0048fb71301e64ab1",
            "availability_zone": "ap-south-1b",
            "encrypted": false,
            "final_snapshot": false,
            "id": "vol-0048fb71301e64ab1",
            "iops": 100,
            "kms_key_id": "",
            "multi_attach_enabled": false,
            "outpost_arn": "",
            "size": 2,
            "snapshot_id": "",
            "tags": {
              "KubernetesCluster": "hp-udd-prod",
              "Name": "zookeeper-1"
            },
            "tags_all": {
              "KubernetesCluster": "hp-udd-prod",
              "Name": "zookeeper-1"
            },
            "throughput": 0,
            "timeouts": null,
            "type": "gp2"
          },
          "sensitive_attributes": [],
          "private": "eyJlMmJmYjczMC1lY2FhLTExZTYtOGY4OC0zNDM2M2JjN2M0YzAiOnsiY3JlYXRlIjozMDAwMDAwMDAwMDAsImRlbGV0ZSI6NjAwMDAwMDAwMDAwLCJ1cGRhdGUiOjMwMDAwMDAwMDAwMH19"
        },
        {
          "index_key": 2,
          "schema_version": 0,
          "attributes": {
            "arn": "arn:aws:ec2:ap-south-1:339713165548:volume/vol-0b69b519f3594bc8e",
            "availability_zone": "ap-south-1b",
            "encrypted": false,
            "final_snapshot": false,
            "id": "vol-0b69b519f3594bc8e",
            "iops": 100,
            "kms_key_id": "",
            "multi_attach_enabled": false,
            "outpost_arn": "",
            "size": 2,
            "snapshot_id": "",
            "tags": {
              "KubernetesCluster": "hp-udd-prod",
              "Name": "zookeeper-2"
            },
            "tags_all": {
              "KubernetesCluster": "hp-udd-prod",
              "Name": "zookeeper-2"
            },
            "throughput": 0,
            "timeouts": null,
            "type": "gp2"
          },
          "sensitive_attributes": [],
          "private": "eyJlMmJmYjczMC1lY2FhLTExZTYtOGY4OC0zNDM2M2JjN2M0YzAiOnsiY3JlYXRlIjozMDAwMDAwMDAwMDAsImRlbGV0ZSI6NjAwMDAwMDAwMDAwLCJ1cGRhdGUiOjMwMDAwMDAwMDAwMH19"
        }
      ]
    }
  ],
  "check_results": null
}
